// !$*UTF8*$!
{
	archiveVersion = 1;
	classes = {
	};
	objectVersion = 55;
	objects = {

/* Begin PBXBuildFile section */
		8671CE63281782A00068DE4A /* FirebaseAnalytics in Frameworks */ = {isa = PBXBuildFile; productRef = 8671CE62281782A00068DE4A /* FirebaseAnalytics */; };
		8671CE65281782A00068DE4A /* FirebaseAnalyticsSwift-Beta in Frameworks */ = {isa = PBXBuildFile; productRef = 8671CE64281782A00068DE4A /* FirebaseAnalyticsSwift-Beta */; };
		8671CE67281782A00068DE4A /* FirebaseAuth in Frameworks */ = {isa = PBXBuildFile; productRef = 8671CE66281782A00068DE4A /* FirebaseAuth */; };
		8671CE69281782A00068DE4A /* FirebaseAuthCombine-Community in Frameworks */ = {isa = PBXBuildFile; productRef = 8671CE68281782A00068DE4A /* FirebaseAuthCombine-Community */; };
		8671CE6B281782A00068DE4A /* FirebaseDatabase in Frameworks */ = {isa = PBXBuildFile; productRef = 8671CE6A281782A00068DE4A /* FirebaseDatabase */; };
		8671CE6D281782A00068DE4A /* FirebaseDatabaseSwift-Beta in Frameworks */ = {isa = PBXBuildFile; productRef = 8671CE6C281782A00068DE4A /* FirebaseDatabaseSwift-Beta */; };
		8671CE6F281782A00068DE4A /* FirebaseFirestore in Frameworks */ = {isa = PBXBuildFile; productRef = 8671CE6E281782A00068DE4A /* FirebaseFirestore */; };
		8671CE71281782A00068DE4A /* FirebaseFirestoreSwift-Beta in Frameworks */ = {isa = PBXBuildFile; productRef = 8671CE70281782A00068DE4A /* FirebaseFirestoreSwift-Beta */; };
		8671CE73281782A00068DE4A /* FirebaseFunctions in Frameworks */ = {isa = PBXBuildFile; productRef = 8671CE72281782A00068DE4A /* FirebaseFunctions */; };
		8671CE75281782A00068DE4A /* FirebaseFunctionsCombine-Community in Frameworks */ = {isa = PBXBuildFile; productRef = 8671CE74281782A00068DE4A /* FirebaseFunctionsCombine-Community */; };
		8671CE77281782A00068DE4A /* FirebaseFunctionsSwift-Beta in Frameworks */ = {isa = PBXBuildFile; productRef = 8671CE76281782A00068DE4A /* FirebaseFunctionsSwift-Beta */; };
		8671CE79281782A00068DE4A /* FirebaseInAppMessaging-Beta in Frameworks */ = {isa = PBXBuildFile; productRef = 8671CE78281782A00068DE4A /* FirebaseInAppMessaging-Beta */; };
		8671CE7B281782A00068DE4A /* FirebaseInAppMessagingSwift-Beta in Frameworks */ = {isa = PBXBuildFile; productRef = 8671CE7A281782A00068DE4A /* FirebaseInAppMessagingSwift-Beta */; };
		8671CE7D281782A00068DE4A /* FirebaseMessaging in Frameworks */ = {isa = PBXBuildFile; productRef = 8671CE7C281782A00068DE4A /* FirebaseMessaging */; };
		8671CE7F281782A00068DE4A /* FirebaseStorage in Frameworks */ = {isa = PBXBuildFile; productRef = 8671CE7E281782A00068DE4A /* FirebaseStorage */; };
		8671CE81281782A00068DE4A /* FirebaseStorageCombine-Community in Frameworks */ = {isa = PBXBuildFile; productRef = 8671CE80281782A00068DE4A /* FirebaseStorageCombine-Community */; };
		8671CE83281783630068DE4A /* GoogleButton.swift in Sources */ = {isa = PBXBuildFile; fileRef = 8671CE82281783630068DE4A /* GoogleButton.swift */; };
		8671CE8728178A510068DE4A /* GoogleService-Info.plist in Resources */ = {isa = PBXBuildFile; fileRef = 8671CE8628178A510068DE4A /* GoogleService-Info.plist */; };
		8671CE8B281836A40068DE4A /* LoginScreen.swift in Sources */ = {isa = PBXBuildFile; fileRef = 8671CE8A281836A40068DE4A /* LoginScreen.swift */; };
		8671CE8D281837E30068DE4A /* GenericTextField.swift in Sources */ = {isa = PBXBuildFile; fileRef = 8671CE8C281837E30068DE4A /* GenericTextField.swift */; };
		8671CE8F28183CDD0068DE4A /* NavBackButton.swift in Sources */ = {isa = PBXBuildFile; fileRef = 8671CE8E28183CDD0068DE4A /* NavBackButton.swift */; };
		8671CE92281848050068DE4A /* GenericSecureField.swift in Sources */ = {isa = PBXBuildFile; fileRef = 8671CE91281848020068DE4A /* GenericSecureField.swift */; };
		868FFB6A281736030081D07C /* MotivApp.swift in Sources */ = {isa = PBXBuildFile; fileRef = 868FFB69281736030081D07C /* MotivApp.swift */; };
		868FFB6C281736030081D07C /* RootView.swift in Sources */ = {isa = PBXBuildFile; fileRef = 868FFB6B281736030081D07C /* RootView.swift */; };
		868FFB6E281736070081D07C /* Assets.xcassets in Resources */ = {isa = PBXBuildFile; fileRef = 868FFB6D281736070081D07C /* Assets.xcassets */; };
		868FFB71281736070081D07C /* Preview Assets.xcassets in Resources */ = {isa = PBXBuildFile; fileRef = 868FFB70281736070081D07C /* Preview Assets.xcassets */; };
		868FFB7E28173B670081D07C /* MainScreen.swift in Sources */ = {isa = PBXBuildFile; fileRef = 868FFB7D28173B660081D07C /* MainScreen.swift */; };
		868FFB8028173B790081D07C /* CircleLogoView.swift in Sources */ = {isa = PBXBuildFile; fileRef = 868FFB7F28173B790081D07C /* CircleLogoView.swift */; };
		868FFB82281744410081D07C /* OnboardingButton.swift in Sources */ = {isa = PBXBuildFile; fileRef = 868FFB81281744410081D07C /* OnboardingButton.swift */; };
		868FFB8428174AF30081D07C /* CapsuleTabs.swift in Sources */ = {isa = PBXBuildFile; fileRef = 868FFB8328174AF30081D07C /* CapsuleTabs.swift */; };
		868FFB86281760650081D07C /* OnboardingViewModel.swift in Sources */ = {isa = PBXBuildFile; fileRef = 868FFB85281760650081D07C /* OnboardingViewModel.swift */; };
/* End PBXBuildFile section */

/* Begin PBXFileReference section */
		8671CE82281783630068DE4A /* GoogleButton.swift */ = {isa = PBXFileReference; lastKnownFileType = sourcecode.swift; path = GoogleButton.swift; sourceTree = "<group>"; };
		8671CE8628178A510068DE4A /* GoogleService-Info.plist */ = {isa = PBXFileReference; fileEncoding = 4; lastKnownFileType = text.plist.xml; path = "GoogleService-Info.plist"; sourceTree = "<group>"; };
		8671CE8A281836A40068DE4A /* LoginScreen.swift */ = {isa = PBXFileReference; lastKnownFileType = sourcecode.swift; path = LoginScreen.swift; sourceTree = "<group>"; };
		8671CE8C281837E30068DE4A /* GenericTextField.swift */ = {isa = PBXFileReference; lastKnownFileType = sourcecode.swift; path = GenericTextField.swift; sourceTree = "<group>"; };
		8671CE8E28183CDD0068DE4A /* NavBackButton.swift */ = {isa = PBXFileReference; lastKnownFileType = sourcecode.swift; path = NavBackButton.swift; sourceTree = "<group>"; };
		8671CE91281848020068DE4A /* GenericSecureField.swift */ = {isa = PBXFileReference; lastKnownFileType = sourcecode.swift; path = GenericSecureField.swift; sourceTree = "<group>"; };
		868FFB66281736030081D07C /* Motiv.app */ = {isa = PBXFileReference; explicitFileType = wrapper.application; includeInIndex = 0; path = Motiv.app; sourceTree = BUILT_PRODUCTS_DIR; };
		868FFB69281736030081D07C /* MotivApp.swift */ = {isa = PBXFileReference; lastKnownFileType = sourcecode.swift; path = MotivApp.swift; sourceTree = "<group>"; };
		868FFB6B281736030081D07C /* RootView.swift */ = {isa = PBXFileReference; lastKnownFileType = sourcecode.swift; path = RootView.swift; sourceTree = "<group>"; };
		868FFB6D281736070081D07C /* Assets.xcassets */ = {isa = PBXFileReference; lastKnownFileType = folder.assetcatalog; path = Assets.xcassets; sourceTree = "<group>"; };
		868FFB70281736070081D07C /* Preview Assets.xcassets */ = {isa = PBXFileReference; lastKnownFileType = folder.assetcatalog; path = "Preview Assets.xcassets"; sourceTree = "<group>"; };
		868FFB7D28173B660081D07C /* MainScreen.swift */ = {isa = PBXFileReference; lastKnownFileType = sourcecode.swift; path = MainScreen.swift; sourceTree = "<group>"; };
		868FFB7F28173B790081D07C /* CircleLogoView.swift */ = {isa = PBXFileReference; lastKnownFileType = sourcecode.swift; path = CircleLogoView.swift; sourceTree = "<group>"; };
		868FFB81281744410081D07C /* OnboardingButton.swift */ = {isa = PBXFileReference; lastKnownFileType = sourcecode.swift; path = OnboardingButton.swift; sourceTree = "<group>"; };
		868FFB8328174AF30081D07C /* CapsuleTabs.swift */ = {isa = PBXFileReference; lastKnownFileType = sourcecode.swift; path = CapsuleTabs.swift; sourceTree = "<group>"; };
		868FFB85281760650081D07C /* OnboardingViewModel.swift */ = {isa = PBXFileReference; lastKnownFileType = sourcecode.swift; path = OnboardingViewModel.swift; sourceTree = "<group>"; };
/* End PBXFileReference section */

/* Begin PBXFrameworksBuildPhase section */
		868FFB63281736030081D07C /* Frameworks */ = {
			isa = PBXFrameworksBuildPhase;
			buildActionMask = 2147483647;
			files = (
				8671CE6D281782A00068DE4A /* FirebaseDatabaseSwift-Beta in Frameworks */,
				8671CE6B281782A00068DE4A /* FirebaseDatabase in Frameworks */,
				8671CE7D281782A00068DE4A /* FirebaseMessaging in Frameworks */,
				8671CE65281782A00068DE4A /* FirebaseAnalyticsSwift-Beta in Frameworks */,
				8671CE75281782A00068DE4A /* FirebaseFunctionsCombine-Community in Frameworks */,
				8671CE73281782A00068DE4A /* FirebaseFunctions in Frameworks */,
				8671CE77281782A00068DE4A /* FirebaseFunctionsSwift-Beta in Frameworks */,
				8671CE67281782A00068DE4A /* FirebaseAuth in Frameworks */,
				8671CE7F281782A00068DE4A /* FirebaseStorage in Frameworks */,
				8671CE63281782A00068DE4A /* FirebaseAnalytics in Frameworks */,
				8671CE81281782A00068DE4A /* FirebaseStorageCombine-Community in Frameworks */,
				8671CE7B281782A00068DE4A /* FirebaseInAppMessagingSwift-Beta in Frameworks */,
				8671CE71281782A00068DE4A /* FirebaseFirestoreSwift-Beta in Frameworks */,
				8671CE69281782A00068DE4A /* FirebaseAuthCombine-Community in Frameworks */,
				8671CE6F281782A00068DE4A /* FirebaseFirestore in Frameworks */,
				8671CE79281782A00068DE4A /* FirebaseInAppMessaging-Beta in Frameworks */,
			);
			runOnlyForDeploymentPostprocessing = 0;
		};
/* End PBXFrameworksBuildPhase section */

/* Begin PBXGroup section */
		8671CE88281836810068DE4A /* Login */ = {
			isa = PBXGroup;
			children = (
				8671CE8A281836A40068DE4A /* LoginScreen.swift */,
			);
			path = Login;
			sourceTree = "<group>";
		};
		8671CE89281836870068DE4A /* User Signup */ = {
			isa = PBXGroup;
			children = (
			);
			path = "User Signup";
			sourceTree = "<group>";
		};
		8671CE9028183CEA0068DE4A /* General */ = {
			isa = PBXGroup;
			children = (
				8671CE8C281837E30068DE4A /* GenericTextField.swift */,
				8671CE8E28183CDD0068DE4A /* NavBackButton.swift */,
				8671CE91281848020068DE4A /* GenericSecureField.swift */,
			);
			path = General;
			sourceTree = "<group>";
		};
		868FFB5D281736030081D07C = {
			isa = PBXGroup;
			children = (
				8671CE8628178A510068DE4A /* GoogleService-Info.plist */,
				868FFB68281736030081D07C /* Motiv */,
				868FFB67281736030081D07C /* Products */,
			);
			sourceTree = "<group>";
		};
		868FFB67281736030081D07C /* Products */ = {
			isa = PBXGroup;
			children = (
				868FFB66281736030081D07C /* Motiv.app */,
			);
			name = Products;
			sourceTree = "<group>";
		};
		868FFB68281736030081D07C /* Motiv */ = {
			isa = PBXGroup;
			children = (
				868FFB69281736030081D07C /* MotivApp.swift */,
				868FFB77281737A70081D07C /* View */,
				868FFB78281737B80081D07C /* View Model */,
				868FFB79281737C00081D07C /* Model */,
				868FFB6D281736070081D07C /* Assets.xcassets */,
				868FFB6F281736070081D07C /* Preview Content */,
			);
			path = Motiv;
			sourceTree = "<group>";
		};
		868FFB6F281736070081D07C /* Preview Content */ = {
			isa = PBXGroup;
			children = (
				868FFB70281736070081D07C /* Preview Assets.xcassets */,
			);
			path = "Preview Content";
			sourceTree = "<group>";
		};
		868FFB77281737A70081D07C /* View */ = {
			isa = PBXGroup;
			children = (
				868FFB6B281736030081D07C /* RootView.swift */,
				8671CE9028183CEA0068DE4A /* General */,
				868FFB7A28173B110081D07C /* Onboarding */,
			);
			path = View;
			sourceTree = "<group>";
		};
		868FFB78281737B80081D07C /* View Model */ = {
			isa = PBXGroup;
			children = (
				868FFB85281760650081D07C /* OnboardingViewModel.swift */,
			);
			path = "View Model";
			sourceTree = "<group>";
		};
		868FFB79281737C00081D07C /* Model */ = {
			isa = PBXGroup;
			children = (
			);
			path = Model;
			sourceTree = "<group>";
		};
		868FFB7A28173B110081D07C /* Onboarding */ = {
			isa = PBXGroup;
			children = (
				8671CE89281836870068DE4A /* User Signup */,
				8671CE88281836810068DE4A /* Login */,
				868FFB7B28173B1A0081D07C /* Initial Three */,
			);
			path = Onboarding;
			sourceTree = "<group>";
		};
		868FFB7B28173B1A0081D07C /* Initial Three */ = {
			isa = PBXGroup;
			children = (
				868FFB7D28173B660081D07C /* MainScreen.swift */,
				868FFB7C28173B360081D07C /* Views */,
			);
			path = "Initial Three";
			sourceTree = "<group>";
		};
		868FFB7C28173B360081D07C /* Views */ = {
			isa = PBXGroup;
			children = (
				868FFB7F28173B790081D07C /* CircleLogoView.swift */,
				868FFB8328174AF30081D07C /* CapsuleTabs.swift */,
				868FFB81281744410081D07C /* OnboardingButton.swift */,
				8671CE82281783630068DE4A /* GoogleButton.swift */,
			);
			path = Views;
			sourceTree = "<group>";
		};
/* End PBXGroup section */

/* Begin PBXNativeTarget section */
		868FFB65281736030081D07C /* Motiv */ = {
			isa = PBXNativeTarget;
			buildConfigurationList = 868FFB74281736070081D07C /* Build configuration list for PBXNativeTarget "Motiv" */;
			buildPhases = (
				868FFB62281736030081D07C /* Sources */,
				868FFB63281736030081D07C /* Frameworks */,
				868FFB64281736030081D07C /* Resources */,
			);
			buildRules = (
			);
			dependencies = (
			);
			name = Motiv;
			packageProductDependencies = (
				8671CE62281782A00068DE4A /* FirebaseAnalytics */,
				8671CE64281782A00068DE4A /* FirebaseAnalyticsSwift-Beta */,
				8671CE66281782A00068DE4A /* FirebaseAuth */,
				8671CE68281782A00068DE4A /* FirebaseAuthCombine-Community */,
				8671CE6A281782A00068DE4A /* FirebaseDatabase */,
				8671CE6C281782A00068DE4A /* FirebaseDatabaseSwift-Beta */,
				8671CE6E281782A00068DE4A /* FirebaseFirestore */,
				8671CE70281782A00068DE4A /* FirebaseFirestoreSwift-Beta */,
				8671CE72281782A00068DE4A /* FirebaseFunctions */,
				8671CE74281782A00068DE4A /* FirebaseFunctionsCombine-Community */,
				8671CE76281782A00068DE4A /* FirebaseFunctionsSwift-Beta */,
				8671CE78281782A00068DE4A /* FirebaseInAppMessaging-Beta */,
				8671CE7A281782A00068DE4A /* FirebaseInAppMessagingSwift-Beta */,
				8671CE7C281782A00068DE4A /* FirebaseMessaging */,
				8671CE7E281782A00068DE4A /* FirebaseStorage */,
				8671CE80281782A00068DE4A /* FirebaseStorageCombine-Community */,
			);
			productName = Motiv;
			productReference = 868FFB66281736030081D07C /* Motiv.app */;
			productType = "com.apple.product-type.application";
		};
/* End PBXNativeTarget section */

/* Begin PBXProject section */
		868FFB5E281736030081D07C /* Project object */ = {
			isa = PBXProject;
			attributes = {
				BuildIndependentTargetsInParallel = 1;
				LastSwiftUpdateCheck = 1320;
				LastUpgradeCheck = 1320;
				TargetAttributes = {
					868FFB65281736030081D07C = {
						CreatedOnToolsVersion = 13.2.1;
					};
				};
			};
			buildConfigurationList = 868FFB61281736030081D07C /* Build configuration list for PBXProject "Motiv" */;
			compatibilityVersion = "Xcode 13.0";
			developmentRegion = en;
			hasScannedForEncodings = 0;
			knownRegions = (
				en,
				Base,
			);
			mainGroup = 868FFB5D281736030081D07C;
			packageReferences = (
				8671CE61281782A00068DE4A /* XCRemoteSwiftPackageReference "firebase-ios-sdk" */,
			);
			productRefGroup = 868FFB67281736030081D07C /* Products */;
			projectDirPath = "";
			projectRoot = "";
			targets = (
				868FFB65281736030081D07C /* Motiv */,
			);
		};
/* End PBXProject section */

/* Begin PBXResourcesBuildPhase section */
		868FFB64281736030081D07C /* Resources */ = {
			isa = PBXResourcesBuildPhase;
			buildActionMask = 2147483647;
			files = (
				868FFB71281736070081D07C /* Preview Assets.xcassets in Resources */,
				8671CE8728178A510068DE4A /* GoogleService-Info.plist in Resources */,
				868FFB6E281736070081D07C /* Assets.xcassets in Resources */,
			);
			runOnlyForDeploymentPostprocessing = 0;
		};
/* End PBXResourcesBuildPhase section */

/* Begin PBXSourcesBuildPhase section */
		868FFB62281736030081D07C /* Sources */ = {
			isa = PBXSourcesBuildPhase;
			buildActionMask = 2147483647;
			files = (
				868FFB82281744410081D07C /* OnboardingButton.swift in Sources */,
				868FFB7E28173B670081D07C /* MainScreen.swift in Sources */,
				8671CE8B281836A40068DE4A /* LoginScreen.swift in Sources */,
				8671CE92281848050068DE4A /* GenericSecureField.swift in Sources */,
				868FFB8028173B790081D07C /* CircleLogoView.swift in Sources */,
				868FFB8428174AF30081D07C /* CapsuleTabs.swift in Sources */,
				8671CE8D281837E30068DE4A /* GenericTextField.swift in Sources */,
				868FFB6C281736030081D07C /* RootView.swift in Sources */,
				8671CE8F28183CDD0068DE4A /* NavBackButton.swift in Sources */,
				868FFB86281760650081D07C /* OnboardingViewModel.swift in Sources */,
				8671CE83281783630068DE4A /* GoogleButton.swift in Sources */,
				868FFB6A281736030081D07C /* MotivApp.swift in Sources */,
			);
			runOnlyForDeploymentPostprocessing = 0;
		};
/* End PBXSourcesBuildPhase section */

/* Begin XCBuildConfiguration section */
		868FFB72281736070081D07C /* Debug */ = {
			isa = XCBuildConfiguration;
			buildSettings = {
				ALWAYS_SEARCH_USER_PATHS = NO;
				CLANG_ANALYZER_NONNULL = YES;
				CLANG_ANALYZER_NUMBER_OBJECT_CONVERSION = YES_AGGRESSIVE;
				CLANG_CXX_LANGUAGE_STANDARD = "gnu++17";
				CLANG_CXX_LIBRARY = "libc++";
				CLANG_ENABLE_MODULES = YES;
				CLANG_ENABLE_OBJC_ARC = YES;
				CLANG_ENABLE_OBJC_WEAK = YES;
				CLANG_WARN_BLOCK_CAPTURE_AUTORELEASING = YES;
				CLANG_WARN_BOOL_CONVERSION = YES;
				CLANG_WARN_COMMA = YES;
				CLANG_WARN_CONSTANT_CONVERSION = YES;
				CLANG_WARN_DEPRECATED_OBJC_IMPLEMENTATIONS = YES;
				CLANG_WARN_DIRECT_OBJC_ISA_USAGE = YES_ERROR;
				CLANG_WARN_DOCUMENTATION_COMMENTS = YES;
				CLANG_WARN_EMPTY_BODY = YES;
				CLANG_WARN_ENUM_CONVERSION = YES;
				CLANG_WARN_INFINITE_RECURSION = YES;
				CLANG_WARN_INT_CONVERSION = YES;
				CLANG_WARN_NON_LITERAL_NULL_CONVERSION = YES;
				CLANG_WARN_OBJC_IMPLICIT_RETAIN_SELF = YES;
				CLANG_WARN_OBJC_LITERAL_CONVERSION = YES;
				CLANG_WARN_OBJC_ROOT_CLASS = YES_ERROR;
				CLANG_WARN_QUOTED_INCLUDE_IN_FRAMEWORK_HEADER = YES;
				CLANG_WARN_RANGE_LOOP_ANALYSIS = YES;
				CLANG_WARN_STRICT_PROTOTYPES = YES;
				CLANG_WARN_SUSPICIOUS_MOVE = YES;
				CLANG_WARN_UNGUARDED_AVAILABILITY = YES_AGGRESSIVE;
				CLANG_WARN_UNREACHABLE_CODE = YES;
				CLANG_WARN__DUPLICATE_METHOD_MATCH = YES;
				COPY_PHASE_STRIP = NO;
				DEBUG_INFORMATION_FORMAT = dwarf;
				ENABLE_STRICT_OBJC_MSGSEND = YES;
				ENABLE_TESTABILITY = YES;
				GCC_C_LANGUAGE_STANDARD = gnu11;
				GCC_DYNAMIC_NO_PIC = NO;
				GCC_NO_COMMON_BLOCKS = YES;
				GCC_OPTIMIZATION_LEVEL = 0;
				GCC_PREPROCESSOR_DEFINITIONS = (
					"DEBUG=1",
					"$(inherited)",
				);
				GCC_WARN_64_TO_32_BIT_CONVERSION = YES;
				GCC_WARN_ABOUT_RETURN_TYPE = YES_ERROR;
				GCC_WARN_UNDECLARED_SELECTOR = YES;
				GCC_WARN_UNINITIALIZED_AUTOS = YES_AGGRESSIVE;
				GCC_WARN_UNUSED_FUNCTION = YES;
				GCC_WARN_UNUSED_VARIABLE = YES;
				IPHONEOS_DEPLOYMENT_TARGET = 15.2;
				MTL_ENABLE_DEBUG_INFO = INCLUDE_SOURCE;
				MTL_FAST_MATH = YES;
				ONLY_ACTIVE_ARCH = YES;
				SDKROOT = iphoneos;
				SWIFT_ACTIVE_COMPILATION_CONDITIONS = DEBUG;
				SWIFT_OPTIMIZATION_LEVEL = "-Onone";
			};
			name = Debug;
		};
		868FFB73281736070081D07C /* Release */ = {
			isa = XCBuildConfiguration;
			buildSettings = {
				ALWAYS_SEARCH_USER_PATHS = NO;
				CLANG_ANALYZER_NONNULL = YES;
				CLANG_ANALYZER_NUMBER_OBJECT_CONVERSION = YES_AGGRESSIVE;
				CLANG_CXX_LANGUAGE_STANDARD = "gnu++17";
				CLANG_CXX_LIBRARY = "libc++";
				CLANG_ENABLE_MODULES = YES;
				CLANG_ENABLE_OBJC_ARC = YES;
				CLANG_ENABLE_OBJC_WEAK = YES;
				CLANG_WARN_BLOCK_CAPTURE_AUTORELEASING = YES;
				CLANG_WARN_BOOL_CONVERSION = YES;
				CLANG_WARN_COMMA = YES;
				CLANG_WARN_CONSTANT_CONVERSION = YES;
				CLANG_WARN_DEPRECATED_OBJC_IMPLEMENTATIONS = YES;
				CLANG_WARN_DIRECT_OBJC_ISA_USAGE = YES_ERROR;
				CLANG_WARN_DOCUMENTATION_COMMENTS = YES;
				CLANG_WARN_EMPTY_BODY = YES;
				CLANG_WARN_ENUM_CONVERSION = YES;
				CLANG_WARN_INFINITE_RECURSION = YES;
				CLANG_WARN_INT_CONVERSION = YES;
				CLANG_WARN_NON_LITERAL_NULL_CONVERSION = YES;
				CLANG_WARN_OBJC_IMPLICIT_RETAIN_SELF = YES;
				CLANG_WARN_OBJC_LITERAL_CONVERSION = YES;
				CLANG_WARN_OBJC_ROOT_CLASS = YES_ERROR;
				CLANG_WARN_QUOTED_INCLUDE_IN_FRAMEWORK_HEADER = YES;
				CLANG_WARN_RANGE_LOOP_ANALYSIS = YES;
				CLANG_WARN_STRICT_PROTOTYPES = YES;
				CLANG_WARN_SUSPICIOUS_MOVE = YES;
				CLANG_WARN_UNGUARDED_AVAILABILITY = YES_AGGRESSIVE;
				CLANG_WARN_UNREACHABLE_CODE = YES;
				CLANG_WARN__DUPLICATE_METHOD_MATCH = YES;
				COPY_PHASE_STRIP = NO;
				DEBUG_INFORMATION_FORMAT = "dwarf-with-dsym";
				ENABLE_NS_ASSERTIONS = NO;
				ENABLE_STRICT_OBJC_MSGSEND = YES;
				GCC_C_LANGUAGE_STANDARD = gnu11;
				GCC_NO_COMMON_BLOCKS = YES;
				GCC_WARN_64_TO_32_BIT_CONVERSION = YES;
				GCC_WARN_ABOUT_RETURN_TYPE = YES_ERROR;
				GCC_WARN_UNDECLARED_SELECTOR = YES;
				GCC_WARN_UNINITIALIZED_AUTOS = YES_AGGRESSIVE;
				GCC_WARN_UNUSED_FUNCTION = YES;
				GCC_WARN_UNUSED_VARIABLE = YES;
				IPHONEOS_DEPLOYMENT_TARGET = 15.2;
				MTL_ENABLE_DEBUG_INFO = NO;
				MTL_FAST_MATH = YES;
				SDKROOT = iphoneos;
				SWIFT_COMPILATION_MODE = wholemodule;
				SWIFT_OPTIMIZATION_LEVEL = "-O";
				VALIDATE_PRODUCT = YES;
			};
			name = Release;
		};
		868FFB75281736070081D07C /* Debug */ = {
			isa = XCBuildConfiguration;
			buildSettings = {
				ASSETCATALOG_COMPILER_APPICON_NAME = AppIcon;
				ASSETCATALOG_COMPILER_GLOBAL_ACCENT_COLOR_NAME = AccentColor;
				CODE_SIGN_STYLE = Automatic;
				CURRENT_PROJECT_VERSION = 1;
				DEVELOPMENT_ASSET_PATHS = "\"Motiv/Preview Content\"";
				DEVELOPMENT_TEAM = 4G974BWM84;
				ENABLE_PREVIEWS = YES;
				GENERATE_INFOPLIST_FILE = YES;
				INFOPLIST_KEY_UIApplicationSceneManifest_Generation = YES;
				INFOPLIST_KEY_UIApplicationSupportsIndirectInputEvents = YES;
				INFOPLIST_KEY_UILaunchScreen_Generation = YES;
				INFOPLIST_KEY_UISupportedInterfaceOrientations_iPad = "UIInterfaceOrientationPortrait UIInterfaceOrientationPortraitUpsideDown UIInterfaceOrientationLandscapeLeft UIInterfaceOrientationLandscapeRight";
				INFOPLIST_KEY_UISupportedInterfaceOrientations_iPhone = "UIInterfaceOrientationPortrait UIInterfaceOrientationLandscapeLeft UIInterfaceOrientationLandscapeRight";
				LD_RUNPATH_SEARCH_PATHS = (
					"$(inherited)",
					"@executable_path/Frameworks",
				);
				MARKETING_VERSION = 1.0;
				PRODUCT_BUNDLE_IDENTIFIER = motivappinc.Motiv;
				PRODUCT_NAME = "$(TARGET_NAME)";
				SWIFT_EMIT_LOC_STRINGS = YES;
				SWIFT_VERSION = 5.0;
				TARGETED_DEVICE_FAMILY = "1,2";
			};
			name = Debug;
		};
		868FFB76281736070081D07C /* Release */ = {
			isa = XCBuildConfiguration;
			buildSettings = {
				ASSETCATALOG_COMPILER_APPICON_NAME = AppIcon;
				ASSETCATALOG_COMPILER_GLOBAL_ACCENT_COLOR_NAME = AccentColor;
				CODE_SIGN_STYLE = Automatic;
				CURRENT_PROJECT_VERSION = 1;
				DEVELOPMENT_ASSET_PATHS = "\"Motiv/Preview Content\"";
				DEVELOPMENT_TEAM = 4G974BWM84;
				ENABLE_PREVIEWS = YES;
				GENERATE_INFOPLIST_FILE = YES;
				INFOPLIST_KEY_UIApplicationSceneManifest_Generation = YES;
				INFOPLIST_KEY_UIApplicationSupportsIndirectInputEvents = YES;
				INFOPLIST_KEY_UILaunchScreen_Generation = YES;
				INFOPLIST_KEY_UISupportedInterfaceOrientations_iPad = "UIInterfaceOrientationPortrait UIInterfaceOrientationPortraitUpsideDown UIInterfaceOrientationLandscapeLeft UIInterfaceOrientationLandscapeRight";
				INFOPLIST_KEY_UISupportedInterfaceOrientations_iPhone = "UIInterfaceOrientationPortrait UIInterfaceOrientationLandscapeLeft UIInterfaceOrientationLandscapeRight";
				LD_RUNPATH_SEARCH_PATHS = (
					"$(inherited)",
					"@executable_path/Frameworks",
				);
				MARKETING_VERSION = 1.0;
				PRODUCT_BUNDLE_IDENTIFIER = motivappinc.Motiv;
				PRODUCT_NAME = "$(TARGET_NAME)";
				SWIFT_EMIT_LOC_STRINGS = YES;
				SWIFT_VERSION = 5.0;
				TARGETED_DEVICE_FAMILY = "1,2";
			};
			name = Release;
		};
/* End XCBuildConfiguration section */

/* Begin XCConfigurationList section */
		868FFB61281736030081D07C /* Build configuration list for PBXProject "Motiv" */ = {
			isa = XCConfigurationList;
			buildConfigurations = (
				868FFB72281736070081D07C /* Debug */,
				868FFB73281736070081D07C /* Release */,
			);
			defaultConfigurationIsVisible = 0;
			defaultConfigurationName = Release;
		};
		868FFB74281736070081D07C /* Build configuration list for PBXNativeTarget "Motiv" */ = {
			isa = XCConfigurationList;
			buildConfigurations = (
				868FFB75281736070081D07C /* Debug */,
				868FFB76281736070081D07C /* Release */,
			);
			defaultConfigurationIsVisible = 0;
			defaultConfigurationName = Release;
		};
/* End XCConfigurationList section */

/* Begin XCRemoteSwiftPackageReference section */
		8671CE61281782A00068DE4A /* XCRemoteSwiftPackageReference "firebase-ios-sdk" */ = {
			isa = XCRemoteSwiftPackageReference;
			repositoryURL = "https://github.com/firebase/firebase-ios-sdk.git";
			requirement = {
				kind = upToNextMajorVersion;
				minimumVersion = 8.0.0;
			};
		};
/* End XCRemoteSwiftPackageReference section */

/* Begin XCSwiftPackageProductDependency section */
		8671CE62281782A00068DE4A /* FirebaseAnalytics */ = {
			isa = XCSwiftPackageProductDependency;
			package = 8671CE61281782A00068DE4A /* XCRemoteSwiftPackageReference "firebase-ios-sdk" */;
			productName = FirebaseAnalytics;
		};
		8671CE64281782A00068DE4A /* FirebaseAnalyticsSwift-Beta */ = {
			isa = XCSwiftPackageProductDependency;
			package = 8671CE61281782A00068DE4A /* XCRemoteSwiftPackageReference "firebase-ios-sdk" */;
			productName = "FirebaseAnalyticsSwift-Beta";
		};
		8671CE66281782A00068DE4A /* FirebaseAuth */ = {
			isa = XCSwiftPackageProductDependency;
			package = 8671CE61281782A00068DE4A /* XCRemoteSwiftPackageReference "firebase-ios-sdk" */;
			productName = FirebaseAuth;
		};
		8671CE68281782A00068DE4A /* FirebaseAuthCombine-Community */ = {
			isa = XCSwiftPackageProductDependency;
			package = 8671CE61281782A00068DE4A /* XCRemoteSwiftPackageReference "firebase-ios-sdk" */;
			productName = "FirebaseAuthCombine-Community";
		};
		8671CE6A281782A00068DE4A /* FirebaseDatabase */ = {
			isa = XCSwiftPackageProductDependency;
			package = 8671CE61281782A00068DE4A /* XCRemoteSwiftPackageReference "firebase-ios-sdk" */;
			productName = FirebaseDatabase;
		};
		8671CE6C281782A00068DE4A /* FirebaseDatabaseSwift-Beta */ = {
			isa = XCSwiftPackageProductDependency;
			package = 8671CE61281782A00068DE4A /* XCRemoteSwiftPackageReference "firebase-ios-sdk" */;
			productName = "FirebaseDatabaseSwift-Beta";
		};
		8671CE6E281782A00068DE4A /* FirebaseFirestore */ = {
			isa = XCSwiftPackageProductDependency;
			package = 8671CE61281782A00068DE4A /* XCRemoteSwiftPackageReference "firebase-ios-sdk" */;
			productName = FirebaseFirestore;
		};
		8671CE70281782A00068DE4A /* FirebaseFirestoreSwift-Beta */ = {
			isa = XCSwiftPackageProductDependency;
			package = 8671CE61281782A00068DE4A /* XCRemoteSwiftPackageReference "firebase-ios-sdk" */;
			productName = "FirebaseFirestoreSwift-Beta";
		};
		8671CE72281782A00068DE4A /* FirebaseFunctions */ = {
			isa = XCSwiftPackageProductDependency;
			package = 8671CE61281782A00068DE4A /* XCRemoteSwiftPackageReference "firebase-ios-sdk" */;
			productName = FirebaseFunctions;
		};
		8671CE74281782A00068DE4A /* FirebaseFunctionsCombine-Community */ = {
			isa = XCSwiftPackageProductDependency;
			package = 8671CE61281782A00068DE4A /* XCRemoteSwiftPackageReference "firebase-ios-sdk" */;
			productName = "FirebaseFunctionsCombine-Community";
		};
		8671CE76281782A00068DE4A /* FirebaseFunctionsSwift-Beta */ = {
			isa = XCSwiftPackageProductDependency;
			package = 8671CE61281782A00068DE4A /* XCRemoteSwiftPackageReference "firebase-ios-sdk" */;
			productName = "FirebaseFunctionsSwift-Beta";
		};
		8671CE78281782A00068DE4A /* FirebaseInAppMessaging-Beta */ = {
			isa = XCSwiftPackageProductDependency;
			package = 8671CE61281782A00068DE4A /* XCRemoteSwiftPackageReference "firebase-ios-sdk" */;
			productName = "FirebaseInAppMessaging-Beta";
		};
		8671CE7A281782A00068DE4A /* FirebaseInAppMessagingSwift-Beta */ = {
			isa = XCSwiftPackageProductDependency;
			package = 8671CE61281782A00068DE4A /* XCRemoteSwiftPackageReference "firebase-ios-sdk" */;
			productName = "FirebaseInAppMessagingSwift-Beta";
		};
		8671CE7C281782A00068DE4A /* FirebaseMessaging */ = {
			isa = XCSwiftPackageProductDependency;
			package = 8671CE61281782A00068DE4A /* XCRemoteSwiftPackageReference "firebase-ios-sdk" */;
			productName = FirebaseMessaging;
		};
		8671CE7E281782A00068DE4A /* FirebaseStorage */ = {
			isa = XCSwiftPackageProductDependency;
			package = 8671CE61281782A00068DE4A /* XCRemoteSwiftPackageReference "firebase-ios-sdk" */;
			productName = FirebaseStorage;
		};
		8671CE80281782A00068DE4A /* FirebaseStorageCombine-Community */ = {
			isa = XCSwiftPackageProductDependency;
			package = 8671CE61281782A00068DE4A /* XCRemoteSwiftPackageReference "firebase-ios-sdk" */;
			productName = "FirebaseStorageCombine-Community";
		};
/* End XCSwiftPackageProductDependency section */
	};
	rootObject = 868FFB5E281736030081D07C /* Project object */;
}
