// !$*UTF8*$!
{
	archiveVersion = 1;
	classes = {
	};
	objectVersion = 55;
	objects = {

/* Begin PBXBuildFile section */
		8604D48F284929440063B11E /* OrganizationEvent.swift in Sources */ = {isa = PBXBuildFile; fileRef = 8604D48E284929440063B11E /* OrganizationEvent.swift */; };
		8604D4912849294E0063B11E /* Organization.swift in Sources */ = {isa = PBXBuildFile; fileRef = 8604D4902849294E0063B11E /* Organization.swift */; };
		8604D493284929570063B11E /* House.swift in Sources */ = {isa = PBXBuildFile; fileRef = 8604D492284929570063B11E /* House.swift */; };
		8604D495284929A10063B11E /* HouseEvent.swift in Sources */ = {isa = PBXBuildFile; fileRef = 8604D494284929A10063B11E /* HouseEvent.swift */; };
		861FFFD728327D210015914C /* AppDelegate.swift in Sources */ = {isa = PBXBuildFile; fileRef = 861FFFD628327D210015914C /* AppDelegate.swift */; };
		861FFFDA2832B9FA0015914C /* GoogleService-Info.plist in Resources */ = {isa = PBXBuildFile; fileRef = 861FFFD92832B9FA0015914C /* GoogleService-Info.plist */; };
		861FFFDE2832D7170015914C /* SchoolsScreen.swift in Sources */ = {isa = PBXBuildFile; fileRef = 861FFFDD2832D7170015914C /* SchoolsScreen.swift */; };
		861FFFE02832D72B0015914C /* CapsuleTabs.swift in Sources */ = {isa = PBXBuildFile; fileRef = 861FFFDF2832D72B0015914C /* CapsuleTabs.swift */; };
		861FFFE32832D7E60015914C /* BottomCardView.swift in Sources */ = {isa = PBXBuildFile; fileRef = 861FFFE22832D7E60015914C /* BottomCardView.swift */; };
		861FFFE52832D84F0015914C /* OnboardingButton.swift in Sources */ = {isa = PBXBuildFile; fileRef = 861FFFE42832D84F0015914C /* OnboardingButton.swift */; };
		86529615282EA91F00149D8E /* OnboardingScreens.swift in Sources */ = {isa = PBXBuildFile; fileRef = 86529614282EA91E00149D8E /* OnboardingScreens.swift */; };
		865E7BEC2833460C008E1EAC /* MainTabView.swift in Sources */ = {isa = PBXBuildFile; fileRef = 865E7BEB2833460C008E1EAC /* MainTabView.swift */; };
		865E7BF128334647008E1EAC /* MapScreen.swift in Sources */ = {isa = PBXBuildFile; fileRef = 865E7BF028334647008E1EAC /* MapScreen.swift */; };
		865E7BF32833465A008E1EAC /* UserScreen.swift in Sources */ = {isa = PBXBuildFile; fileRef = 865E7BF22833465A008E1EAC /* UserScreen.swift */; };
		865E7BF52833466A008E1EAC /* HouseScreen.swift in Sources */ = {isa = PBXBuildFile; fileRef = 865E7BF42833466A008E1EAC /* HouseScreen.swift */; };
		865E7BF728334678008E1EAC /* CreatePreview.swift in Sources */ = {isa = PBXBuildFile; fileRef = 865E7BF628334678008E1EAC /* CreatePreview.swift */; };
		865E7BF928334684008E1EAC /* ActivityScreen.swift in Sources */ = {isa = PBXBuildFile; fileRef = 865E7BF828334684008E1EAC /* ActivityScreen.swift */; };
		865E7BFC2833DD72008E1EAC /* PlusCircle.swift in Sources */ = {isa = PBXBuildFile; fileRef = 865E7BFB2833DD72008E1EAC /* PlusCircle.swift */; };
		865E7BFE2833E908008E1EAC /* MainRootView.swift in Sources */ = {isa = PBXBuildFile; fileRef = 865E7BFD2833E908008E1EAC /* MainRootView.swift */; };
		865E7C002833ED05008E1EAC /* Tab.swift in Sources */ = {isa = PBXBuildFile; fileRef = 865E7BFF2833ED05008E1EAC /* Tab.swift */; };
		865E7C0228373791008E1EAC /* EditProfileScreen.swift in Sources */ = {isa = PBXBuildFile; fileRef = 865E7C0128373790008E1EAC /* EditProfileScreen.swift */; };
		865E7C05283737E1008E1EAC /* FriendsScreen.swift in Sources */ = {isa = PBXBuildFile; fileRef = 865E7C04283737E1008E1EAC /* FriendsScreen.swift */; };
		865E7C0828373824008E1EAC /* NotificationsScreen.swift in Sources */ = {isa = PBXBuildFile; fileRef = 865E7C0728373824008E1EAC /* NotificationsScreen.swift */; };
		86607C8D282EC05000CAD8F5 /* NameInputView.swift in Sources */ = {isa = PBXBuildFile; fileRef = 86607C8C282EC05000CAD8F5 /* NameInputView.swift */; };
		86607C8F2831561B00CAD8F5 /* UsernameInputView.swift in Sources */ = {isa = PBXBuildFile; fileRef = 86607C8E2831561900CAD8F5 /* UsernameInputView.swift */; };
		86607C9128315B3900CAD8F5 /* ProgramInputView.swift in Sources */ = {isa = PBXBuildFile; fileRef = 86607C9028315B3800CAD8F5 /* ProgramInputView.swift */; };
		86607C93283187EE00CAD8F5 /* PhoneInputView.swift in Sources */ = {isa = PBXBuildFile; fileRef = 86607C92283187EC00CAD8F5 /* PhoneInputView.swift */; };
		86607C962831927A00CAD8F5 /* iPhoneNumberField in Frameworks */ = {isa = PBXBuildFile; productRef = 86607C952831927A00CAD8F5 /* iPhoneNumberField */; };
		8671CE63281782A00068DE4A /* FirebaseAnalytics in Frameworks */ = {isa = PBXBuildFile; productRef = 8671CE62281782A00068DE4A /* FirebaseAnalytics */; };
		8671CE65281782A00068DE4A /* FirebaseAnalyticsSwift-Beta in Frameworks */ = {isa = PBXBuildFile; productRef = 8671CE64281782A00068DE4A /* FirebaseAnalyticsSwift-Beta */; };
		8671CE67281782A00068DE4A /* FirebaseAuth in Frameworks */ = {isa = PBXBuildFile; productRef = 8671CE66281782A00068DE4A /* FirebaseAuth */; };
		8671CE69281782A00068DE4A /* FirebaseAuthCombine-Community in Frameworks */ = {isa = PBXBuildFile; productRef = 8671CE68281782A00068DE4A /* FirebaseAuthCombine-Community */; };
		8671CE6B281782A00068DE4A /* FirebaseDatabase in Frameworks */ = {isa = PBXBuildFile; productRef = 8671CE6A281782A00068DE4A /* FirebaseDatabase */; };
		8671CE6D281782A00068DE4A /* FirebaseDatabaseSwift-Beta in Frameworks */ = {isa = PBXBuildFile; productRef = 8671CE6C281782A00068DE4A /* FirebaseDatabaseSwift-Beta */; };
		8671CE6F281782A00068DE4A /* FirebaseFirestore in Frameworks */ = {isa = PBXBuildFile; productRef = 8671CE6E281782A00068DE4A /* FirebaseFirestore */; };
		8671CE71281782A00068DE4A /* FirebaseFirestoreSwift-Beta in Frameworks */ = {isa = PBXBuildFile; productRef = 8671CE70281782A00068DE4A /* FirebaseFirestoreSwift-Beta */; };
		8671CE73281782A00068DE4A /* FirebaseFunctions in Frameworks */ = {isa = PBXBuildFile; productRef = 8671CE72281782A00068DE4A /* FirebaseFunctions */; };
		8671CE75281782A00068DE4A /* FirebaseFunctionsCombine-Community in Frameworks */ = {isa = PBXBuildFile; productRef = 8671CE74281782A00068DE4A /* FirebaseFunctionsCombine-Community */; };
		8671CE77281782A00068DE4A /* FirebaseFunctionsSwift-Beta in Frameworks */ = {isa = PBXBuildFile; productRef = 8671CE76281782A00068DE4A /* FirebaseFunctionsSwift-Beta */; };
		8671CE79281782A00068DE4A /* FirebaseInAppMessaging-Beta in Frameworks */ = {isa = PBXBuildFile; productRef = 8671CE78281782A00068DE4A /* FirebaseInAppMessaging-Beta */; };
		8671CE7B281782A00068DE4A /* FirebaseInAppMessagingSwift-Beta in Frameworks */ = {isa = PBXBuildFile; productRef = 8671CE7A281782A00068DE4A /* FirebaseInAppMessagingSwift-Beta */; };
		8671CE7D281782A00068DE4A /* FirebaseMessaging in Frameworks */ = {isa = PBXBuildFile; productRef = 8671CE7C281782A00068DE4A /* FirebaseMessaging */; };
		8671CE7F281782A00068DE4A /* FirebaseStorage in Frameworks */ = {isa = PBXBuildFile; productRef = 8671CE7E281782A00068DE4A /* FirebaseStorage */; };
		8671CE81281782A00068DE4A /* FirebaseStorageCombine-Community in Frameworks */ = {isa = PBXBuildFile; productRef = 8671CE80281782A00068DE4A /* FirebaseStorageCombine-Community */; };
		8671CE98281859FF0068DE4A /* LaunchScreen.storyboard in Resources */ = {isa = PBXBuildFile; fileRef = 8671CE97281859FD0068DE4A /* LaunchScreen.storyboard */; };
		867CC4362831EDD800F31CC6 /* AuthService.swift in Sources */ = {isa = PBXBuildFile; fileRef = 867CC4352831EDD700F31CC6 /* AuthService.swift */; };
		867F36A2284BA41B00F03C63 /* CreateHouseScreen.swift in Sources */ = {isa = PBXBuildFile; fileRef = 867F36A1284BA41B00F03C63 /* CreateHouseScreen.swift */; };
		867F36A4284BA59500F03C63 /* AddHousematesScreen.swift in Sources */ = {isa = PBXBuildFile; fileRef = 867F36A3284BA59500F03C63 /* AddHousematesScreen.swift */; };
		867F36A8284F9CE700F03C63 /* SearchLocationView.swift in Sources */ = {isa = PBXBuildFile; fileRef = 867F36A7284F9CE600F03C63 /* SearchLocationView.swift */; };
		867F36AA284F9DFB00F03C63 /* LocationManager.swift in Sources */ = {isa = PBXBuildFile; fileRef = 867F36A9284F9DFB00F03C63 /* LocationManager.swift */; };
		868FFB6A281736030081D07C /* MotivApp.swift in Sources */ = {isa = PBXBuildFile; fileRef = 868FFB69281736030081D07C /* MotivApp.swift */; };
		868FFB6C281736030081D07C /* RootView.swift in Sources */ = {isa = PBXBuildFile; fileRef = 868FFB6B281736030081D07C /* RootView.swift */; };
		868FFB6E281736070081D07C /* Assets.xcassets in Resources */ = {isa = PBXBuildFile; fileRef = 868FFB6D281736070081D07C /* Assets.xcassets */; };
		868FFB71281736070081D07C /* Preview Assets.xcassets in Resources */ = {isa = PBXBuildFile; fileRef = 868FFB70281736070081D07C /* Preview Assets.xcassets */; };
		868FFB86281760650081D07C /* OnboardingViewModel.swift in Sources */ = {isa = PBXBuildFile; fileRef = 868FFB85281760650081D07C /* OnboardingViewModel.swift */; };
		86900E6028284FE6001442EA /* AlgoliaSearchClient in Frameworks */ = {isa = PBXBuildFile; productRef = 86900E5F28284FE6001442EA /* AlgoliaSearchClient */; };
		86900E6528287E71001442EA /* SDWebImageSwiftUI in Frameworks */ = {isa = PBXBuildFile; productRef = 86900E6428287E71001442EA /* SDWebImageSwiftUI */; };
		86900E6828297BC1001442EA /* ImageSelectService.swift in Sources */ = {isa = PBXBuildFile; fileRef = 86900E6728297BC1001442EA /* ImageSelectService.swift */; };
		8691FEB42842AF6A00B9F931 /* HouseViewModel.swift in Sources */ = {isa = PBXBuildFile; fileRef = 8691FEB32842AF6A00B9F931 /* HouseViewModel.swift */; };
		8691FEB62842B0A600B9F931 /* HouseOptionSheetView.swift in Sources */ = {isa = PBXBuildFile; fileRef = 8691FEB52842B0A600B9F931 /* HouseOptionSheetView.swift */; };
		86D22101281A23A700AFC1A9 /* RootViewModel.swift in Sources */ = {isa = PBXBuildFile; fileRef = 86D22100281A23A700AFC1A9 /* RootViewModel.swift */; };
		86D22103281ADC3000AFC1A9 /* User.swift in Sources */ = {isa = PBXBuildFile; fileRef = 86D22102281ADC3000AFC1A9 /* User.swift */; };
		86D22105281ADCA700AFC1A9 /* School.swift in Sources */ = {isa = PBXBuildFile; fileRef = 86D22104281ADCA700AFC1A9 /* School.swift */; };
		86D937FC28221C86006EB0E4 /* IndexingViewModel.swift in Sources */ = {isa = PBXBuildFile; fileRef = 86D937FB28221C85006EB0E4 /* IndexingViewModel.swift */; };
		DA443CAA28456F9200D06126 /* BarEventPreview.swift in Sources */ = {isa = PBXBuildFile; fileRef = DA443CA928456F9200D06126 /* BarEventPreview.swift */; };
		DAC19D7D2846A37500D6A19E /* HousePreview.swift in Sources */ = {isa = PBXBuildFile; fileRef = DAC19D7C2846A37500D6A19E /* HousePreview.swift */; };
		DAC19D7F2846A91800D6A19E /* HosteeView.swift in Sources */ = {isa = PBXBuildFile; fileRef = DAC19D7E2846A91800D6A19E /* HosteeView.swift */; };
		DAC19D812846B39500D6A19E /* UserDropDownMenu.swift in Sources */ = {isa = PBXBuildFile; fileRef = DAC19D802846B39500D6A19E /* UserDropDownMenu.swift */; };
/* End PBXBuildFile section */

/* Begin PBXFileReference section */
		8604D48E284929440063B11E /* OrganizationEvent.swift */ = {isa = PBXFileReference; lastKnownFileType = sourcecode.swift; path = OrganizationEvent.swift; sourceTree = "<group>"; };
		8604D4902849294E0063B11E /* Organization.swift */ = {isa = PBXFileReference; lastKnownFileType = sourcecode.swift; path = Organization.swift; sourceTree = "<group>"; };
		8604D492284929570063B11E /* House.swift */ = {isa = PBXFileReference; lastKnownFileType = sourcecode.swift; path = House.swift; sourceTree = "<group>"; };
		8604D494284929A10063B11E /* HouseEvent.swift */ = {isa = PBXFileReference; lastKnownFileType = sourcecode.swift; path = HouseEvent.swift; sourceTree = "<group>"; };
		861FFFD52831F4A30015914C /* Motiv.entitlements */ = {isa = PBXFileReference; lastKnownFileType = text.plist.entitlements; path = Motiv.entitlements; sourceTree = "<group>"; };
		861FFFD628327D210015914C /* AppDelegate.swift */ = {isa = PBXFileReference; lastKnownFileType = sourcecode.swift; path = AppDelegate.swift; sourceTree = "<group>"; };
		861FFFD828328CDE0015914C /* Info.plist */ = {isa = PBXFileReference; lastKnownFileType = text.plist; path = Info.plist; sourceTree = "<group>"; };
		861FFFD92832B9FA0015914C /* GoogleService-Info.plist */ = {isa = PBXFileReference; fileEncoding = 4; lastKnownFileType = text.plist.xml; path = "GoogleService-Info.plist"; sourceTree = "<group>"; };
		861FFFDD2832D7170015914C /* SchoolsScreen.swift */ = {isa = PBXFileReference; fileEncoding = 4; lastKnownFileType = sourcecode.swift; path = SchoolsScreen.swift; sourceTree = "<group>"; };
		861FFFDF2832D72B0015914C /* CapsuleTabs.swift */ = {isa = PBXFileReference; fileEncoding = 4; lastKnownFileType = sourcecode.swift; path = CapsuleTabs.swift; sourceTree = "<group>"; };
		861FFFE22832D7E60015914C /* BottomCardView.swift */ = {isa = PBXFileReference; fileEncoding = 4; lastKnownFileType = sourcecode.swift; path = BottomCardView.swift; sourceTree = "<group>"; };
		861FFFE42832D84F0015914C /* OnboardingButton.swift */ = {isa = PBXFileReference; fileEncoding = 4; lastKnownFileType = sourcecode.swift; path = OnboardingButton.swift; sourceTree = "<group>"; };
		86529614282EA91E00149D8E /* OnboardingScreens.swift */ = {isa = PBXFileReference; lastKnownFileType = sourcecode.swift; path = OnboardingScreens.swift; sourceTree = "<group>"; };
		865E7BEB2833460C008E1EAC /* MainTabView.swift */ = {isa = PBXFileReference; lastKnownFileType = sourcecode.swift; path = MainTabView.swift; sourceTree = "<group>"; };
		865E7BF028334647008E1EAC /* MapScreen.swift */ = {isa = PBXFileReference; lastKnownFileType = sourcecode.swift; path = MapScreen.swift; sourceTree = "<group>"; };
		865E7BF22833465A008E1EAC /* UserScreen.swift */ = {isa = PBXFileReference; lastKnownFileType = sourcecode.swift; path = UserScreen.swift; sourceTree = "<group>"; };
		865E7BF42833466A008E1EAC /* HouseScreen.swift */ = {isa = PBXFileReference; lastKnownFileType = sourcecode.swift; path = HouseScreen.swift; sourceTree = "<group>"; };
		865E7BF628334678008E1EAC /* CreatePreview.swift */ = {isa = PBXFileReference; lastKnownFileType = sourcecode.swift; path = CreatePreview.swift; sourceTree = "<group>"; };
		865E7BF828334684008E1EAC /* ActivityScreen.swift */ = {isa = PBXFileReference; lastKnownFileType = sourcecode.swift; path = ActivityScreen.swift; sourceTree = "<group>"; };
		865E7BFB2833DD72008E1EAC /* PlusCircle.swift */ = {isa = PBXFileReference; lastKnownFileType = sourcecode.swift; path = PlusCircle.swift; sourceTree = "<group>"; };
		865E7BFD2833E908008E1EAC /* MainRootView.swift */ = {isa = PBXFileReference; lastKnownFileType = sourcecode.swift; path = MainRootView.swift; sourceTree = "<group>"; };
		865E7BFF2833ED05008E1EAC /* Tab.swift */ = {isa = PBXFileReference; lastKnownFileType = sourcecode.swift; path = Tab.swift; sourceTree = "<group>"; };
		865E7C0128373790008E1EAC /* EditProfileScreen.swift */ = {isa = PBXFileReference; lastKnownFileType = sourcecode.swift; path = EditProfileScreen.swift; sourceTree = "<group>"; };
		865E7C04283737E1008E1EAC /* FriendsScreen.swift */ = {isa = PBXFileReference; lastKnownFileType = sourcecode.swift; path = FriendsScreen.swift; sourceTree = "<group>"; };
		865E7C0728373824008E1EAC /* NotificationsScreen.swift */ = {isa = PBXFileReference; lastKnownFileType = sourcecode.swift; path = NotificationsScreen.swift; sourceTree = "<group>"; };
		86607C8C282EC05000CAD8F5 /* NameInputView.swift */ = {isa = PBXFileReference; lastKnownFileType = sourcecode.swift; path = NameInputView.swift; sourceTree = "<group>"; };
		86607C8E2831561900CAD8F5 /* UsernameInputView.swift */ = {isa = PBXFileReference; lastKnownFileType = sourcecode.swift; path = UsernameInputView.swift; sourceTree = "<group>"; };
		86607C9028315B3800CAD8F5 /* ProgramInputView.swift */ = {isa = PBXFileReference; lastKnownFileType = sourcecode.swift; path = ProgramInputView.swift; sourceTree = "<group>"; };
		86607C92283187EC00CAD8F5 /* PhoneInputView.swift */ = {isa = PBXFileReference; lastKnownFileType = sourcecode.swift; path = PhoneInputView.swift; sourceTree = "<group>"; };
		8671CE97281859FD0068DE4A /* LaunchScreen.storyboard */ = {isa = PBXFileReference; lastKnownFileType = file.storyboard; path = LaunchScreen.storyboard; sourceTree = "<group>"; };
		867CC4352831EDD700F31CC6 /* AuthService.swift */ = {isa = PBXFileReference; lastKnownFileType = sourcecode.swift; path = AuthService.swift; sourceTree = "<group>"; };
		867F36A1284BA41B00F03C63 /* CreateHouseScreen.swift */ = {isa = PBXFileReference; lastKnownFileType = sourcecode.swift; path = CreateHouseScreen.swift; sourceTree = "<group>"; };
		867F36A3284BA59500F03C63 /* AddHousematesScreen.swift */ = {isa = PBXFileReference; lastKnownFileType = sourcecode.swift; path = AddHousematesScreen.swift; sourceTree = "<group>"; };
		867F36A7284F9CE600F03C63 /* SearchLocationView.swift */ = {isa = PBXFileReference; lastKnownFileType = sourcecode.swift; path = SearchLocationView.swift; sourceTree = "<group>"; };
		867F36A9284F9DFB00F03C63 /* LocationManager.swift */ = {isa = PBXFileReference; lastKnownFileType = sourcecode.swift; path = LocationManager.swift; sourceTree = "<group>"; };
		868FFB66281736030081D07C /* Motiv.app */ = {isa = PBXFileReference; explicitFileType = wrapper.application; includeInIndex = 0; path = Motiv.app; sourceTree = BUILT_PRODUCTS_DIR; };
		868FFB69281736030081D07C /* MotivApp.swift */ = {isa = PBXFileReference; lastKnownFileType = sourcecode.swift; path = MotivApp.swift; sourceTree = "<group>"; };
		868FFB6B281736030081D07C /* RootView.swift */ = {isa = PBXFileReference; lastKnownFileType = sourcecode.swift; path = RootView.swift; sourceTree = "<group>"; };
		868FFB6D281736070081D07C /* Assets.xcassets */ = {isa = PBXFileReference; lastKnownFileType = folder.assetcatalog; path = Assets.xcassets; sourceTree = "<group>"; };
		868FFB70281736070081D07C /* Preview Assets.xcassets */ = {isa = PBXFileReference; lastKnownFileType = folder.assetcatalog; path = "Preview Assets.xcassets"; sourceTree = "<group>"; };
		868FFB85281760650081D07C /* OnboardingViewModel.swift */ = {isa = PBXFileReference; lastKnownFileType = sourcecode.swift; path = OnboardingViewModel.swift; sourceTree = "<group>"; };
		86900E6728297BC1001442EA /* ImageSelectService.swift */ = {isa = PBXFileReference; lastKnownFileType = sourcecode.swift; path = ImageSelectService.swift; sourceTree = "<group>"; };
		8691FEB32842AF6A00B9F931 /* HouseViewModel.swift */ = {isa = PBXFileReference; lastKnownFileType = sourcecode.swift; path = HouseViewModel.swift; sourceTree = "<group>"; };
		8691FEB52842B0A600B9F931 /* HouseOptionSheetView.swift */ = {isa = PBXFileReference; lastKnownFileType = sourcecode.swift; path = HouseOptionSheetView.swift; sourceTree = "<group>"; };
		86D22100281A23A700AFC1A9 /* RootViewModel.swift */ = {isa = PBXFileReference; lastKnownFileType = sourcecode.swift; path = RootViewModel.swift; sourceTree = "<group>"; };
		86D22102281ADC3000AFC1A9 /* User.swift */ = {isa = PBXFileReference; lastKnownFileType = sourcecode.swift; path = User.swift; sourceTree = "<group>"; };
		86D22104281ADCA700AFC1A9 /* School.swift */ = {isa = PBXFileReference; lastKnownFileType = sourcecode.swift; path = School.swift; sourceTree = "<group>"; };
		86D937FB28221C85006EB0E4 /* IndexingViewModel.swift */ = {isa = PBXFileReference; lastKnownFileType = sourcecode.swift; path = IndexingViewModel.swift; sourceTree = "<group>"; };
		DA443CA928456F9200D06126 /* BarEventPreview.swift */ = {isa = PBXFileReference; lastKnownFileType = sourcecode.swift; path = BarEventPreview.swift; sourceTree = "<group>"; };
		DAC19D7C2846A37500D6A19E /* HousePreview.swift */ = {isa = PBXFileReference; lastKnownFileType = sourcecode.swift; path = HousePreview.swift; sourceTree = "<group>"; };
		DAC19D7E2846A91800D6A19E /* HosteeView.swift */ = {isa = PBXFileReference; lastKnownFileType = sourcecode.swift; path = HosteeView.swift; sourceTree = "<group>"; };
		DAC19D802846B39500D6A19E /* UserDropDownMenu.swift */ = {isa = PBXFileReference; lastKnownFileType = sourcecode.swift; path = UserDropDownMenu.swift; sourceTree = "<group>"; };
/* End PBXFileReference section */

/* Begin PBXFrameworksBuildPhase section */
		868FFB63281736030081D07C /* Frameworks */ = {
			isa = PBXFrameworksBuildPhase;
			buildActionMask = 2147483647;
			files = (
				8671CE6D281782A00068DE4A /* FirebaseDatabaseSwift-Beta in Frameworks */,
				8671CE6B281782A00068DE4A /* FirebaseDatabase in Frameworks */,
				8671CE7D281782A00068DE4A /* FirebaseMessaging in Frameworks */,
				8671CE65281782A00068DE4A /* FirebaseAnalyticsSwift-Beta in Frameworks */,
				8671CE75281782A00068DE4A /* FirebaseFunctionsCombine-Community in Frameworks */,
				8671CE73281782A00068DE4A /* FirebaseFunctions in Frameworks */,
				8671CE77281782A00068DE4A /* FirebaseFunctionsSwift-Beta in Frameworks */,
				8671CE67281782A00068DE4A /* FirebaseAuth in Frameworks */,
				8671CE7F281782A00068DE4A /* FirebaseStorage in Frameworks */,
				86900E6028284FE6001442EA /* AlgoliaSearchClient in Frameworks */,
				8671CE63281782A00068DE4A /* FirebaseAnalytics in Frameworks */,
				8671CE81281782A00068DE4A /* FirebaseStorageCombine-Community in Frameworks */,
				86607C962831927A00CAD8F5 /* iPhoneNumberField in Frameworks */,
				86900E6528287E71001442EA /* SDWebImageSwiftUI in Frameworks */,
				8671CE7B281782A00068DE4A /* FirebaseInAppMessagingSwift-Beta in Frameworks */,
				8671CE71281782A00068DE4A /* FirebaseFirestoreSwift-Beta in Frameworks */,
				8671CE69281782A00068DE4A /* FirebaseAuthCombine-Community in Frameworks */,
				8671CE6F281782A00068DE4A /* FirebaseFirestore in Frameworks */,
				8671CE79281782A00068DE4A /* FirebaseInAppMessaging-Beta in Frameworks */,
			);
			runOnlyForDeploymentPostprocessing = 0;
		};
/* End PBXFrameworksBuildPhase section */

/* Begin PBXGroup section */
		8612A204283D5ADC00BCCD8B /* Create House */ = {
			isa = PBXGroup;
			children = (
				867F36A6284F9CAB00F03C63 /* Search Location */,
				867F36A1284BA41B00F03C63 /* CreateHouseScreen.swift */,
				867F36A3284BA59500F03C63 /* AddHousematesScreen.swift */,
			);
			path = "Create House";
			sourceTree = "<group>";
		};
		861FFFDB2832C7AB0015914C /* Signup */ = {
			isa = PBXGroup;
			children = (
				861FFFE62832D8580015914C /* Views */,
				861FFFE12832D7BB0015914C /* School Selection */,
				86607C8C282EC05000CAD8F5 /* NameInputView.swift */,
				86607C8E2831561900CAD8F5 /* UsernameInputView.swift */,
				86607C92283187EC00CAD8F5 /* PhoneInputView.swift */,
				86607C9028315B3800CAD8F5 /* ProgramInputView.swift */,
			);
			path = Signup;
			sourceTree = "<group>";
		};
		861FFFDC2832C7DE0015914C /* Main */ = {
			isa = PBXGroup;
			children = (
				865E7BFD2833E908008E1EAC /* MainRootView.swift */,
				867F36A5284BA69E00F03C63 /* Subviews For Use */,
				865E7BFA2833DD60008E1EAC /* Tab Views */,
				865E7BE9283345E8008E1EAC /* Map */,
				865E7BEF28334623008E1EAC /* User */,
				865E7BEE2833461B008E1EAC /* House */,
				865E7BED28334612008E1EAC /* Create */,
				865E7BEA283345F2008E1EAC /* Activity */,
			);
			path = Main;
			sourceTree = "<group>";
		};
		861FFFE12832D7BB0015914C /* School Selection */ = {
			isa = PBXGroup;
			children = (
				861FFFE22832D7E60015914C /* BottomCardView.swift */,
				861FFFDD2832D7170015914C /* SchoolsScreen.swift */,
			);
			path = "School Selection";
			sourceTree = "<group>";
		};
		861FFFE62832D8580015914C /* Views */ = {
			isa = PBXGroup;
			children = (
				861FFFE42832D84F0015914C /* OnboardingButton.swift */,
				861FFFDF2832D72B0015914C /* CapsuleTabs.swift */,
			);
			path = Views;
			sourceTree = "<group>";
		};
		86529613282EA8AD00149D8E /* Onboarding  */ = {
			isa = PBXGroup;
			children = (
				86529614282EA91E00149D8E /* OnboardingScreens.swift */,
				861FFFDB2832C7AB0015914C /* Signup */,
			);
			path = "Onboarding ";
			sourceTree = "<group>";
		};
		865E7BE9283345E8008E1EAC /* Map */ = {
			isa = PBXGroup;
			children = (
				865E7BF028334647008E1EAC /* MapScreen.swift */,
			);
			path = Map;
			sourceTree = "<group>";
		};
		865E7BEA283345F2008E1EAC /* Activity */ = {
			isa = PBXGroup;
			children = (
				865E7BF828334684008E1EAC /* ActivityScreen.swift */,
			);
			path = Activity;
			sourceTree = "<group>";
		};
		865E7BED28334612008E1EAC /* Create */ = {
			isa = PBXGroup;
			children = (
				865E7BF628334678008E1EAC /* CreatePreview.swift */,
			);
			path = Create;
			sourceTree = "<group>";
		};
		865E7BEE2833461B008E1EAC /* House */ = {
			isa = PBXGroup;
			children = (
				867F36A0284BA40100F03C63 /* Onboarding */,
				865E7BF42833466A008E1EAC /* HouseScreen.swift */,
			);
			path = House;
			sourceTree = "<group>";
		};
		865E7BEF28334623008E1EAC /* User */ = {
			isa = PBXGroup;
			children = (
				865E7C092837382A008E1EAC /* Notifications */,
				865E7C06283737E4008E1EAC /* Friends */,
				865E7C0328373796008E1EAC /* Edit Profile */,
				865E7BF22833465A008E1EAC /* UserScreen.swift */,
			);
			path = User;
			sourceTree = "<group>";
		};
		865E7BFA2833DD60008E1EAC /* Tab Views */ = {
			isa = PBXGroup;
			children = (
				865E7BEB2833460C008E1EAC /* MainTabView.swift */,
				865E7BFB2833DD72008E1EAC /* PlusCircle.swift */,
			);
			path = "Tab Views";
			sourceTree = "<group>";
		};
		865E7C0328373796008E1EAC /* Edit Profile */ = {
			isa = PBXGroup;
			children = (
				865E7C0128373790008E1EAC /* EditProfileScreen.swift */,
			);
			path = "Edit Profile";
			sourceTree = "<group>";
		};
		865E7C06283737E4008E1EAC /* Friends */ = {
			isa = PBXGroup;
			children = (
				865E7C04283737E1008E1EAC /* FriendsScreen.swift */,
			);
			path = Friends;
			sourceTree = "<group>";
		};
		865E7C092837382A008E1EAC /* Notifications */ = {
			isa = PBXGroup;
			children = (
				865E7C0728373824008E1EAC /* NotificationsScreen.swift */,
			);
			path = Notifications;
			sourceTree = "<group>";
		};
		867F36A0284BA40100F03C63 /* Onboarding */ = {
			isa = PBXGroup;
			children = (
				8612A204283D5ADC00BCCD8B /* Create House */,
				8691FEB52842B0A600B9F931 /* HouseOptionSheetView.swift */,
			);
			path = Onboarding;
			sourceTree = "<group>";
		};
		867F36A5284BA69E00F03C63 /* Subviews For Use */ = {
			isa = PBXGroup;
			children = (
				DAC19D802846B39500D6A19E /* UserDropDownMenu.swift */,
				DAC19D7E2846A91800D6A19E /* HosteeView.swift */,
				DAC19D7C2846A37500D6A19E /* HousePreview.swift */,
				DA443CA928456F9200D06126 /* BarEventPreview.swift */,
			);
			path = "Subviews For Use";
			sourceTree = "<group>";
		};
		867F36A6284F9CAB00F03C63 /* Search Location */ = {
			isa = PBXGroup;
			children = (
				867F36A7284F9CE600F03C63 /* SearchLocationView.swift */,
				867F36A9284F9DFB00F03C63 /* LocationManager.swift */,
			);
			path = "Search Location";
			sourceTree = "<group>";
		};
		868FFB5D281736030081D07C = {
			isa = PBXGroup;
			children = (
				861FFFD92832B9FA0015914C /* GoogleService-Info.plist */,
				868FFB68281736030081D07C /* Motiv */,
				868FFB67281736030081D07C /* Products */,
			);
			sourceTree = "<group>";
		};
		868FFB67281736030081D07C /* Products */ = {
			isa = PBXGroup;
			children = (
				868FFB66281736030081D07C /* Motiv.app */,
			);
			name = Products;
			sourceTree = "<group>";
		};
		868FFB68281736030081D07C /* Motiv */ = {
			isa = PBXGroup;
			children = (
				861FFFD828328CDE0015914C /* Info.plist */,
				861FFFD52831F4A30015914C /* Motiv.entitlements */,
				868FFB69281736030081D07C /* MotivApp.swift */,
				861FFFD628327D210015914C /* AppDelegate.swift */,
				8671CE97281859FD0068DE4A /* LaunchScreen.storyboard */,
				868FFB77281737A70081D07C /* View */,
				868FFB78281737B80081D07C /* View Model */,
				868FFB79281737C00081D07C /* Model */,
				86900E6628297B86001442EA /* Service */,
				868FFB6D281736070081D07C /* Assets.xcassets */,
				868FFB6F281736070081D07C /* Preview Content */,
			);
			path = Motiv;
			sourceTree = "<group>";
		};
		868FFB6F281736070081D07C /* Preview Content */ = {
			isa = PBXGroup;
			children = (
				868FFB70281736070081D07C /* Preview Assets.xcassets */,
			);
			path = "Preview Content";
			sourceTree = "<group>";
		};
		868FFB77281737A70081D07C /* View */ = {
			isa = PBXGroup;
			children = (
				868FFB6B281736030081D07C /* RootView.swift */,
				861FFFDC2832C7DE0015914C /* Main */,
				86529613282EA8AD00149D8E /* Onboarding  */,
			);
			path = View;
			sourceTree = "<group>";
		};
		868FFB78281737B80081D07C /* View Model */ = {
			isa = PBXGroup;
			children = (
				868FFB85281760650081D07C /* OnboardingViewModel.swift */,
				86D937FB28221C85006EB0E4 /* IndexingViewModel.swift */,
				86D22100281A23A700AFC1A9 /* RootViewModel.swift */,
				8691FEB32842AF6A00B9F931 /* HouseViewModel.swift */,
			);
			path = "View Model";
			sourceTree = "<group>";
		};
		868FFB79281737C00081D07C /* Model */ = {
			isa = PBXGroup;
			children = (
				86D22102281ADC3000AFC1A9 /* User.swift */,
				865E7BFF2833ED05008E1EAC /* Tab.swift */,
				8604D494284929A10063B11E /* HouseEvent.swift */,
				86D22104281ADCA700AFC1A9 /* School.swift */,
				8604D48E284929440063B11E /* OrganizationEvent.swift */,
				8604D4902849294E0063B11E /* Organization.swift */,
				8604D492284929570063B11E /* House.swift */,
			);
			path = Model;
			sourceTree = "<group>";
		};
		86900E6628297B86001442EA /* Service */ = {
			isa = PBXGroup;
			children = (
				867CC4352831EDD700F31CC6 /* AuthService.swift */,
				86900E6728297BC1001442EA /* ImageSelectService.swift */,
			);
			path = Service;
			sourceTree = "<group>";
		};
/* End PBXGroup section */

/* Begin PBXNativeTarget section */
		868FFB65281736030081D07C /* Motiv */ = {
			isa = PBXNativeTarget;
			buildConfigurationList = 868FFB74281736070081D07C /* Build configuration list for PBXNativeTarget "Motiv" */;
			buildPhases = (
				868FFB62281736030081D07C /* Sources */,
				868FFB63281736030081D07C /* Frameworks */,
				868FFB64281736030081D07C /* Resources */,
			);
			buildRules = (
			);
			dependencies = (
			);
			name = Motiv;
			packageProductDependencies = (
				8671CE62281782A00068DE4A /* FirebaseAnalytics */,
				8671CE64281782A00068DE4A /* FirebaseAnalyticsSwift-Beta */,
				8671CE66281782A00068DE4A /* FirebaseAuth */,
				8671CE68281782A00068DE4A /* FirebaseAuthCombine-Community */,
				8671CE6A281782A00068DE4A /* FirebaseDatabase */,
				8671CE6C281782A00068DE4A /* FirebaseDatabaseSwift-Beta */,
				8671CE6E281782A00068DE4A /* FirebaseFirestore */,
				8671CE70281782A00068DE4A /* FirebaseFirestoreSwift-Beta */,
				8671CE72281782A00068DE4A /* FirebaseFunctions */,
				8671CE74281782A00068DE4A /* FirebaseFunctionsCombine-Community */,
				8671CE76281782A00068DE4A /* FirebaseFunctionsSwift-Beta */,
				8671CE78281782A00068DE4A /* FirebaseInAppMessaging-Beta */,
				8671CE7A281782A00068DE4A /* FirebaseInAppMessagingSwift-Beta */,
				8671CE7C281782A00068DE4A /* FirebaseMessaging */,
				8671CE7E281782A00068DE4A /* FirebaseStorage */,
				8671CE80281782A00068DE4A /* FirebaseStorageCombine-Community */,
				86900E5F28284FE6001442EA /* AlgoliaSearchClient */,
				86900E6428287E71001442EA /* SDWebImageSwiftUI */,
				86607C952831927A00CAD8F5 /* iPhoneNumberField */,
			);
			productName = Motiv;
			productReference = 868FFB66281736030081D07C /* Motiv.app */;
			productType = "com.apple.product-type.application";
		};
/* End PBXNativeTarget section */

/* Begin PBXProject section */
		868FFB5E281736030081D07C /* Project object */ = {
			isa = PBXProject;
			attributes = {
				BuildIndependentTargetsInParallel = 1;
				LastSwiftUpdateCheck = 1320;
				LastUpgradeCheck = 1320;
				TargetAttributes = {
					868FFB65281736030081D07C = {
						CreatedOnToolsVersion = 13.2.1;
					};
				};
			};
			buildConfigurationList = 868FFB61281736030081D07C /* Build configuration list for PBXProject "Motiv" */;
			compatibilityVersion = "Xcode 13.0";
			developmentRegion = en;
			hasScannedForEncodings = 0;
			knownRegions = (
				en,
				Base,
			);
			mainGroup = 868FFB5D281736030081D07C;
			packageReferences = (
				8671CE61281782A00068DE4A /* XCRemoteSwiftPackageReference "firebase-ios-sdk" */,
				86900E5E28284FE6001442EA /* XCRemoteSwiftPackageReference "algoliasearch-client-swift" */,
				86900E6328287E71001442EA /* XCRemoteSwiftPackageReference "SDWebImageSwiftUI" */,
				86607C942831927A00CAD8F5 /* XCRemoteSwiftPackageReference "iPhoneNumberField" */,
			);
			productRefGroup = 868FFB67281736030081D07C /* Products */;
			projectDirPath = "";
			projectRoot = "";
			targets = (
				868FFB65281736030081D07C /* Motiv */,
			);
		};
/* End PBXProject section */

/* Begin PBXResourcesBuildPhase section */
		868FFB64281736030081D07C /* Resources */ = {
			isa = PBXResourcesBuildPhase;
			buildActionMask = 2147483647;
			files = (
				868FFB71281736070081D07C /* Preview Assets.xcassets in Resources */,
				8671CE98281859FF0068DE4A /* LaunchScreen.storyboard in Resources */,
				861FFFDA2832B9FA0015914C /* GoogleService-Info.plist in Resources */,
				868FFB6E281736070081D07C /* Assets.xcassets in Resources */,
			);
			runOnlyForDeploymentPostprocessing = 0;
		};
/* End PBXResourcesBuildPhase section */

/* Begin PBXSourcesBuildPhase section */
		868FFB62281736030081D07C /* Sources */ = {
			isa = PBXSourcesBuildPhase;
			buildActionMask = 2147483647;
			files = (
				8691FEB42842AF6A00B9F931 /* HouseViewModel.swift in Sources */,
				86D22103281ADC3000AFC1A9 /* User.swift in Sources */,
				86D937FC28221C86006EB0E4 /* IndexingViewModel.swift in Sources */,
				861FFFD728327D210015914C /* AppDelegate.swift in Sources */,
				867F36A2284BA41B00F03C63 /* CreateHouseScreen.swift in Sources */,
				DA443CAA28456F9200D06126 /* BarEventPreview.swift in Sources */,
				865E7BFC2833DD72008E1EAC /* PlusCircle.swift in Sources */,
				865E7BF52833466A008E1EAC /* HouseScreen.swift in Sources */,
				865E7BF128334647008E1EAC /* MapScreen.swift in Sources */,
				86607C93283187EE00CAD8F5 /* PhoneInputView.swift in Sources */,
				86607C8F2831561B00CAD8F5 /* UsernameInputView.swift in Sources */,
				867F36A4284BA59500F03C63 /* AddHousematesScreen.swift in Sources */,
				865E7C0228373791008E1EAC /* EditProfileScreen.swift in Sources */,
				865E7BF32833465A008E1EAC /* UserScreen.swift in Sources */,
				868FFB6C281736030081D07C /* RootView.swift in Sources */,
				86D22105281ADCA700AFC1A9 /* School.swift in Sources */,
				861FFFE32832D7E60015914C /* BottomCardView.swift in Sources */,
				867F36AA284F9DFB00F03C63 /* LocationManager.swift in Sources */,
				86900E6828297BC1001442EA /* ImageSelectService.swift in Sources */,
				868FFB86281760650081D07C /* OnboardingViewModel.swift in Sources */,
				8604D4912849294E0063B11E /* Organization.swift in Sources */,
				861FFFDE2832D7170015914C /* SchoolsScreen.swift in Sources */,
				865E7BF928334684008E1EAC /* ActivityScreen.swift in Sources */,
				8604D495284929A10063B11E /* HouseEvent.swift in Sources */,
				8604D48F284929440063B11E /* OrganizationEvent.swift in Sources */,
				865E7C05283737E1008E1EAC /* FriendsScreen.swift in Sources */,
				867F36A8284F9CE700F03C63 /* SearchLocationView.swift in Sources */,
				861FFFE52832D84F0015914C /* OnboardingButton.swift in Sources */,
				86607C9128315B3900CAD8F5 /* ProgramInputView.swift in Sources */,
				8691FEB62842B0A600B9F931 /* HouseOptionSheetView.swift in Sources */,
				861FFFE02832D72B0015914C /* CapsuleTabs.swift in Sources */,
				86529615282EA91F00149D8E /* OnboardingScreens.swift in Sources */,
				867CC4362831EDD800F31CC6 /* AuthService.swift in Sources */,
				865E7BFE2833E908008E1EAC /* MainRootView.swift in Sources */,
				DAC19D812846B39500D6A19E /* UserDropDownMenu.swift in Sources */,
				DAC19D7F2846A91800D6A19E /* HosteeView.swift in Sources */,
				86607C8D282EC05000CAD8F5 /* NameInputView.swift in Sources */,
				865E7BF728334678008E1EAC /* CreatePreview.swift in Sources */,
				86D22101281A23A700AFC1A9 /* RootViewModel.swift in Sources */,
				DAC19D7D2846A37500D6A19E /* HousePreview.swift in Sources */,
				868FFB6A281736030081D07C /* MotivApp.swift in Sources */,
				8604D493284929570063B11E /* House.swift in Sources */,
				865E7BEC2833460C008E1EAC /* MainTabView.swift in Sources */,
				865E7C002833ED05008E1EAC /* Tab.swift in Sources */,
				865E7C0828373824008E1EAC /* NotificationsScreen.swift in Sources */,
			);
			runOnlyForDeploymentPostprocessing = 0;
		};
/* End PBXSourcesBuildPhase section */

/* Begin XCBuildConfiguration section */
		868FFB72281736070081D07C /* Debug */ = {
			isa = XCBuildConfiguration;
			buildSettings = {
				ALWAYS_SEARCH_USER_PATHS = NO;
				CLANG_ANALYZER_NONNULL = YES;
				CLANG_ANALYZER_NUMBER_OBJECT_CONVERSION = YES_AGGRESSIVE;
				CLANG_CXX_LANGUAGE_STANDARD = "gnu++17";
				CLANG_CXX_LIBRARY = "libc++";
				CLANG_ENABLE_MODULES = YES;
				CLANG_ENABLE_OBJC_ARC = YES;
				CLANG_ENABLE_OBJC_WEAK = YES;
				CLANG_WARN_BLOCK_CAPTURE_AUTORELEASING = YES;
				CLANG_WARN_BOOL_CONVERSION = YES;
				CLANG_WARN_COMMA = YES;
				CLANG_WARN_CONSTANT_CONVERSION = YES;
				CLANG_WARN_DEPRECATED_OBJC_IMPLEMENTATIONS = YES;
				CLANG_WARN_DIRECT_OBJC_ISA_USAGE = YES_ERROR;
				CLANG_WARN_DOCUMENTATION_COMMENTS = YES;
				CLANG_WARN_EMPTY_BODY = YES;
				CLANG_WARN_ENUM_CONVERSION = YES;
				CLANG_WARN_INFINITE_RECURSION = YES;
				CLANG_WARN_INT_CONVERSION = YES;
				CLANG_WARN_NON_LITERAL_NULL_CONVERSION = YES;
				CLANG_WARN_OBJC_IMPLICIT_RETAIN_SELF = YES;
				CLANG_WARN_OBJC_LITERAL_CONVERSION = YES;
				CLANG_WARN_OBJC_ROOT_CLASS = YES_ERROR;
				CLANG_WARN_QUOTED_INCLUDE_IN_FRAMEWORK_HEADER = YES;
				CLANG_WARN_RANGE_LOOP_ANALYSIS = YES;
				CLANG_WARN_STRICT_PROTOTYPES = YES;
				CLANG_WARN_SUSPICIOUS_MOVE = YES;
				CLANG_WARN_UNGUARDED_AVAILABILITY = YES_AGGRESSIVE;
				CLANG_WARN_UNREACHABLE_CODE = YES;
				CLANG_WARN__DUPLICATE_METHOD_MATCH = YES;
				COPY_PHASE_STRIP = NO;
				DEBUG_INFORMATION_FORMAT = dwarf;
				ENABLE_STRICT_OBJC_MSGSEND = YES;
				ENABLE_TESTABILITY = YES;
				GCC_C_LANGUAGE_STANDARD = gnu11;
				GCC_DYNAMIC_NO_PIC = NO;
				GCC_NO_COMMON_BLOCKS = YES;
				GCC_OPTIMIZATION_LEVEL = 0;
				GCC_PREPROCESSOR_DEFINITIONS = (
					"DEBUG=1",
					"$(inherited)",
				);
				GCC_WARN_64_TO_32_BIT_CONVERSION = YES;
				GCC_WARN_ABOUT_RETURN_TYPE = YES_ERROR;
				GCC_WARN_UNDECLARED_SELECTOR = YES;
				GCC_WARN_UNINITIALIZED_AUTOS = YES_AGGRESSIVE;
				GCC_WARN_UNUSED_FUNCTION = YES;
				GCC_WARN_UNUSED_VARIABLE = YES;
				IPHONEOS_DEPLOYMENT_TARGET = 15.2;
				MTL_ENABLE_DEBUG_INFO = INCLUDE_SOURCE;
				MTL_FAST_MATH = YES;
				ONLY_ACTIVE_ARCH = YES;
				SDKROOT = iphoneos;
				SWIFT_ACTIVE_COMPILATION_CONDITIONS = DEBUG;
				SWIFT_OPTIMIZATION_LEVEL = "-Onone";
			};
			name = Debug;
		};
		868FFB73281736070081D07C /* Release */ = {
			isa = XCBuildConfiguration;
			buildSettings = {
				ALWAYS_SEARCH_USER_PATHS = NO;
				CLANG_ANALYZER_NONNULL = YES;
				CLANG_ANALYZER_NUMBER_OBJECT_CONVERSION = YES_AGGRESSIVE;
				CLANG_CXX_LANGUAGE_STANDARD = "gnu++17";
				CLANG_CXX_LIBRARY = "libc++";
				CLANG_ENABLE_MODULES = YES;
				CLANG_ENABLE_OBJC_ARC = YES;
				CLANG_ENABLE_OBJC_WEAK = YES;
				CLANG_WARN_BLOCK_CAPTURE_AUTORELEASING = YES;
				CLANG_WARN_BOOL_CONVERSION = YES;
				CLANG_WARN_COMMA = YES;
				CLANG_WARN_CONSTANT_CONVERSION = YES;
				CLANG_WARN_DEPRECATED_OBJC_IMPLEMENTATIONS = YES;
				CLANG_WARN_DIRECT_OBJC_ISA_USAGE = YES_ERROR;
				CLANG_WARN_DOCUMENTATION_COMMENTS = YES;
				CLANG_WARN_EMPTY_BODY = YES;
				CLANG_WARN_ENUM_CONVERSION = YES;
				CLANG_WARN_INFINITE_RECURSION = YES;
				CLANG_WARN_INT_CONVERSION = YES;
				CLANG_WARN_NON_LITERAL_NULL_CONVERSION = YES;
				CLANG_WARN_OBJC_IMPLICIT_RETAIN_SELF = YES;
				CLANG_WARN_OBJC_LITERAL_CONVERSION = YES;
				CLANG_WARN_OBJC_ROOT_CLASS = YES_ERROR;
				CLANG_WARN_QUOTED_INCLUDE_IN_FRAMEWORK_HEADER = YES;
				CLANG_WARN_RANGE_LOOP_ANALYSIS = YES;
				CLANG_WARN_STRICT_PROTOTYPES = YES;
				CLANG_WARN_SUSPICIOUS_MOVE = YES;
				CLANG_WARN_UNGUARDED_AVAILABILITY = YES_AGGRESSIVE;
				CLANG_WARN_UNREACHABLE_CODE = YES;
				CLANG_WARN__DUPLICATE_METHOD_MATCH = YES;
				COPY_PHASE_STRIP = NO;
				DEBUG_INFORMATION_FORMAT = "dwarf-with-dsym";
				ENABLE_NS_ASSERTIONS = NO;
				ENABLE_STRICT_OBJC_MSGSEND = YES;
				GCC_C_LANGUAGE_STANDARD = gnu11;
				GCC_NO_COMMON_BLOCKS = YES;
				GCC_WARN_64_TO_32_BIT_CONVERSION = YES;
				GCC_WARN_ABOUT_RETURN_TYPE = YES_ERROR;
				GCC_WARN_UNDECLARED_SELECTOR = YES;
				GCC_WARN_UNINITIALIZED_AUTOS = YES_AGGRESSIVE;
				GCC_WARN_UNUSED_FUNCTION = YES;
				GCC_WARN_UNUSED_VARIABLE = YES;
				IPHONEOS_DEPLOYMENT_TARGET = 15.2;
				MTL_ENABLE_DEBUG_INFO = NO;
				MTL_FAST_MATH = YES;
				SDKROOT = iphoneos;
				SWIFT_COMPILATION_MODE = wholemodule;
				SWIFT_OPTIMIZATION_LEVEL = "-O";
				VALIDATE_PRODUCT = YES;
			};
			name = Release;
		};
		868FFB75281736070081D07C /* Debug */ = {
			isa = XCBuildConfiguration;
			buildSettings = {
				ASSETCATALOG_COMPILER_APPICON_NAME = AppIcon;
				ASSETCATALOG_COMPILER_GLOBAL_ACCENT_COLOR_NAME = AccentColor;
				ASSETCATALOG_COMPILER_INCLUDE_ALL_APPICON_ASSETS = NO;
				CODE_SIGN_ENTITLEMENTS = Motiv/Motiv.entitlements;
				CODE_SIGN_STYLE = Automatic;
				CURRENT_PROJECT_VERSION = 1;
				DEVELOPMENT_ASSET_PATHS = "\"Motiv/Preview Content\"";
				DEVELOPMENT_TEAM = PKK84F8G9H;
				ENABLE_PREVIEWS = YES;
				GENERATE_INFOPLIST_FILE = YES;
				INFOPLIST_FILE = Motiv/Info.plist;
				INFOPLIST_KEY_NSLocationWhenInUseUsageDescription = "";
				INFOPLIST_KEY_UIApplicationSceneManifest_Generation = YES;
				INFOPLIST_KEY_UIApplicationSupportsIndirectInputEvents = YES;
				INFOPLIST_KEY_UILaunchScreen_Generation = YES;
				INFOPLIST_KEY_UILaunchStoryboardName = LaunchScreen;
				INFOPLIST_KEY_UISupportedInterfaceOrientations_iPad = "UIInterfaceOrientationPortrait UIInterfaceOrientationPortraitUpsideDown UIInterfaceOrientationLandscapeLeft UIInterfaceOrientationLandscapeRight";
				INFOPLIST_KEY_UISupportedInterfaceOrientations_iPhone = "UIInterfaceOrientationPortrait UIInterfaceOrientationLandscapeLeft UIInterfaceOrientationLandscapeRight";
				LD_RUNPATH_SEARCH_PATHS = (
					"$(inherited)",
					"@executable_path/Frameworks",
				);
				MARKETING_VERSION = 1.0;
				PRODUCT_BUNDLE_IDENTIFIER = motivappinc.MotivEventPlanner;
				PRODUCT_NAME = "$(TARGET_NAME)";
				SWIFT_EMIT_LOC_STRINGS = YES;
				SWIFT_VERSION = 5.0;
				TARGETED_DEVICE_FAMILY = "1,2";
			};
			name = Debug;
		};
		868FFB76281736070081D07C /* Release */ = {
			isa = XCBuildConfiguration;
			buildSettings = {
				ASSETCATALOG_COMPILER_APPICON_NAME = AppIcon;
				ASSETCATALOG_COMPILER_GLOBAL_ACCENT_COLOR_NAME = AccentColor;
				ASSETCATALOG_COMPILER_INCLUDE_ALL_APPICON_ASSETS = NO;
				CODE_SIGN_ENTITLEMENTS = Motiv/Motiv.entitlements;
				CODE_SIGN_STYLE = Automatic;
				CURRENT_PROJECT_VERSION = 1;
				DEVELOPMENT_ASSET_PATHS = "\"Motiv/Preview Content\"";
				DEVELOPMENT_TEAM = PKK84F8G9H;
				ENABLE_PREVIEWS = YES;
				GENERATE_INFOPLIST_FILE = YES;
				INFOPLIST_FILE = Motiv/Info.plist;
				INFOPLIST_KEY_NSLocationWhenInUseUsageDescription = "";
				INFOPLIST_KEY_UIApplicationSceneManifest_Generation = YES;
				INFOPLIST_KEY_UIApplicationSupportsIndirectInputEvents = YES;
				INFOPLIST_KEY_UILaunchScreen_Generation = YES;
				INFOPLIST_KEY_UILaunchStoryboardName = LaunchScreen;
				INFOPLIST_KEY_UISupportedInterfaceOrientations_iPad = "UIInterfaceOrientationPortrait UIInterfaceOrientationPortraitUpsideDown UIInterfaceOrientationLandscapeLeft UIInterfaceOrientationLandscapeRight";
				INFOPLIST_KEY_UISupportedInterfaceOrientations_iPhone = "UIInterfaceOrientationPortrait UIInterfaceOrientationLandscapeLeft UIInterfaceOrientationLandscapeRight";
				LD_RUNPATH_SEARCH_PATHS = (
					"$(inherited)",
					"@executable_path/Frameworks",
				);
				MARKETING_VERSION = 1.0;
				PRODUCT_BUNDLE_IDENTIFIER = motivappinc.MotivEventPlanner;
				PRODUCT_NAME = "$(TARGET_NAME)";
				SWIFT_EMIT_LOC_STRINGS = YES;
				SWIFT_VERSION = 5.0;
				TARGETED_DEVICE_FAMILY = "1,2";
			};
			name = Release;
		};
/* End XCBuildConfiguration section */

/* Begin XCConfigurationList section */
		868FFB61281736030081D07C /* Build configuration list for PBXProject "Motiv" */ = {
			isa = XCConfigurationList;
			buildConfigurations = (
				868FFB72281736070081D07C /* Debug */,
				868FFB73281736070081D07C /* Release */,
			);
			defaultConfigurationIsVisible = 0;
			defaultConfigurationName = Release;
		};
		868FFB74281736070081D07C /* Build configuration list for PBXNativeTarget "Motiv" */ = {
			isa = XCConfigurationList;
			buildConfigurations = (
				868FFB75281736070081D07C /* Debug */,
				868FFB76281736070081D07C /* Release */,
			);
			defaultConfigurationIsVisible = 0;
			defaultConfigurationName = Release;
		};
/* End XCConfigurationList section */

/* Begin XCRemoteSwiftPackageReference section */
		86607C942831927A00CAD8F5 /* XCRemoteSwiftPackageReference "iPhoneNumberField" */ = {
			isa = XCRemoteSwiftPackageReference;
			repositoryURL = "https://github.com/MojtabaHs/iPhoneNumberField.git";
			requirement = {
				kind = upToNextMajorVersion;
				minimumVersion = 0.6.1;
			};
		};
		8671CE61281782A00068DE4A /* XCRemoteSwiftPackageReference "firebase-ios-sdk" */ = {
			isa = XCRemoteSwiftPackageReference;
			repositoryURL = "https://github.com/firebase/firebase-ios-sdk.git";
			requirement = {
				kind = upToNextMajorVersion;
				minimumVersion = 8.0.0;
			};
		};
		86900E5E28284FE6001442EA /* XCRemoteSwiftPackageReference "algoliasearch-client-swift" */ = {
			isa = XCRemoteSwiftPackageReference;
			repositoryURL = "https://github.com/algolia/algoliasearch-client-swift";
			requirement = {
				kind = upToNextMajorVersion;
				minimumVersion = 8.0.0;
			};
		};
		86900E6328287E71001442EA /* XCRemoteSwiftPackageReference "SDWebImageSwiftUI" */ = {
			isa = XCRemoteSwiftPackageReference;
			repositoryURL = "https://github.com/SDWebImage/SDWebImageSwiftUI.git";
			requirement = {
				branch = master;
				kind = branch;
			};
		};
/* End XCRemoteSwiftPackageReference section */

/* Begin XCSwiftPackageProductDependency section */
		86607C952831927A00CAD8F5 /* iPhoneNumberField */ = {
			isa = XCSwiftPackageProductDependency;
			package = 86607C942831927A00CAD8F5 /* XCRemoteSwiftPackageReference "iPhoneNumberField" */;
			productName = iPhoneNumberField;
		};
		8671CE62281782A00068DE4A /* FirebaseAnalytics */ = {
			isa = XCSwiftPackageProductDependency;
			package = 8671CE61281782A00068DE4A /* XCRemoteSwiftPackageReference "firebase-ios-sdk" */;
			productName = FirebaseAnalytics;
		};
		8671CE64281782A00068DE4A /* FirebaseAnalyticsSwift-Beta */ = {
			isa = XCSwiftPackageProductDependency;
			package = 8671CE61281782A00068DE4A /* XCRemoteSwiftPackageReference "firebase-ios-sdk" */;
			productName = "FirebaseAnalyticsSwift-Beta";
		};
		8671CE66281782A00068DE4A /* FirebaseAuth */ = {
			isa = XCSwiftPackageProductDependency;
			package = 8671CE61281782A00068DE4A /* XCRemoteSwiftPackageReference "firebase-ios-sdk" */;
			productName = FirebaseAuth;
		};
		8671CE68281782A00068DE4A /* FirebaseAuthCombine-Community */ = {
			isa = XCSwiftPackageProductDependency;
			package = 8671CE61281782A00068DE4A /* XCRemoteSwiftPackageReference "firebase-ios-sdk" */;
			productName = "FirebaseAuthCombine-Community";
		};
		8671CE6A281782A00068DE4A /* FirebaseDatabase */ = {
			isa = XCSwiftPackageProductDependency;
			package = 8671CE61281782A00068DE4A /* XCRemoteSwiftPackageReference "firebase-ios-sdk" */;
			productName = FirebaseDatabase;
		};
		8671CE6C281782A00068DE4A /* FirebaseDatabaseSwift-Beta */ = {
			isa = XCSwiftPackageProductDependency;
			package = 8671CE61281782A00068DE4A /* XCRemoteSwiftPackageReference "firebase-ios-sdk" */;
			productName = "FirebaseDatabaseSwift-Beta";
		};
		8671CE6E281782A00068DE4A /* FirebaseFirestore */ = {
			isa = XCSwiftPackageProductDependency;
			package = 8671CE61281782A00068DE4A /* XCRemoteSwiftPackageReference "firebase-ios-sdk" */;
			productName = FirebaseFirestore;
		};
		8671CE70281782A00068DE4A /* FirebaseFirestoreSwift-Beta */ = {
			isa = XCSwiftPackageProductDependency;
			package = 8671CE61281782A00068DE4A /* XCRemoteSwiftPackageReference "firebase-ios-sdk" */;
			productName = "FirebaseFirestoreSwift-Beta";
		};
		8671CE72281782A00068DE4A /* FirebaseFunctions */ = {
			isa = XCSwiftPackageProductDependency;
			package = 8671CE61281782A00068DE4A /* XCRemoteSwiftPackageReference "firebase-ios-sdk" */;
			productName = FirebaseFunctions;
		};
		8671CE74281782A00068DE4A /* FirebaseFunctionsCombine-Community */ = {
			isa = XCSwiftPackageProductDependency;
			package = 8671CE61281782A00068DE4A /* XCRemoteSwiftPackageReference "firebase-ios-sdk" */;
			productName = "FirebaseFunctionsCombine-Community";
		};
		8671CE76281782A00068DE4A /* FirebaseFunctionsSwift-Beta */ = {
			isa = XCSwiftPackageProductDependency;
			package = 8671CE61281782A00068DE4A /* XCRemoteSwiftPackageReference "firebase-ios-sdk" */;
			productName = "FirebaseFunctionsSwift-Beta";
		};
		8671CE78281782A00068DE4A /* FirebaseInAppMessaging-Beta */ = {
			isa = XCSwiftPackageProductDependency;
			package = 8671CE61281782A00068DE4A /* XCRemoteSwiftPackageReference "firebase-ios-sdk" */;
			productName = "FirebaseInAppMessaging-Beta";
		};
		8671CE7A281782A00068DE4A /* FirebaseInAppMessagingSwift-Beta */ = {
			isa = XCSwiftPackageProductDependency;
			package = 8671CE61281782A00068DE4A /* XCRemoteSwiftPackageReference "firebase-ios-sdk" */;
			productName = "FirebaseInAppMessagingSwift-Beta";
		};
		8671CE7C281782A00068DE4A /* FirebaseMessaging */ = {
			isa = XCSwiftPackageProductDependency;
			package = 8671CE61281782A00068DE4A /* XCRemoteSwiftPackageReference "firebase-ios-sdk" */;
			productName = FirebaseMessaging;
		};
		8671CE7E281782A00068DE4A /* FirebaseStorage */ = {
			isa = XCSwiftPackageProductDependency;
			package = 8671CE61281782A00068DE4A /* XCRemoteSwiftPackageReference "firebase-ios-sdk" */;
			productName = FirebaseStorage;
		};
		8671CE80281782A00068DE4A /* FirebaseStorageCombine-Community */ = {
			isa = XCSwiftPackageProductDependency;
			package = 8671CE61281782A00068DE4A /* XCRemoteSwiftPackageReference "firebase-ios-sdk" */;
			productName = "FirebaseStorageCombine-Community";
		};
		86900E5F28284FE6001442EA /* AlgoliaSearchClient */ = {
			isa = XCSwiftPackageProductDependency;
			package = 86900E5E28284FE6001442EA /* XCRemoteSwiftPackageReference "algoliasearch-client-swift" */;
			productName = AlgoliaSearchClient;
		};
		86900E6428287E71001442EA /* SDWebImageSwiftUI */ = {
			isa = XCSwiftPackageProductDependency;
			package = 86900E6328287E71001442EA /* XCRemoteSwiftPackageReference "SDWebImageSwiftUI" */;
			productName = SDWebImageSwiftUI;
		};
/* End XCSwiftPackageProductDependency section */
	};
	rootObject = 868FFB5E281736030081D07C /* Project object */;
}
